// !$*UTF8*$!
{
	archiveVersion = 1;
	classes = {
	};
	objectVersion = 56;
	objects = {

/* Begin PBXBuildFile section */
		2960E2C829A4114000589B4C /* SplashScreenRouter.swift in Sources */ = {isa = PBXBuildFile; fileRef = 2960E2B329A4114000589B4C /* SplashScreenRouter.swift */; };
		2960E2C929A4114000589B4C /* SplashScreenBuilder.swift in Sources */ = {isa = PBXBuildFile; fileRef = 2960E2B429A4114000589B4C /* SplashScreenBuilder.swift */; };
		2960E2CA29A4114000589B4C /* SplashScreenContracts.swift in Sources */ = {isa = PBXBuildFile; fileRef = 2960E2B529A4114000589B4C /* SplashScreenContracts.swift */; };
		2960E2CB29A4114000589B4C /* SplashScreenViewModel.swift in Sources */ = {isa = PBXBuildFile; fileRef = 2960E2B629A4114000589B4C /* SplashScreenViewModel.swift */; };
		2960E2CC29A4114000589B4C /* SplashScreenViewController.xib in Resources */ = {isa = PBXBuildFile; fileRef = 2960E2B829A4114000589B4C /* SplashScreenViewController.xib */; };
		2960E2CD29A4114000589B4C /* SplashScreenViewController.swift in Sources */ = {isa = PBXBuildFile; fileRef = 2960E2B929A4114000589B4C /* SplashScreenViewController.swift */; };
		2960E2CE29A4114000589B4C /* HomeViewController.swift in Sources */ = {isa = PBXBuildFile; fileRef = 2960E2BB29A4114000589B4C /* HomeViewController.swift */; };
		2960E2CF29A4114000589B4C /* HomeViewController.xib in Resources */ = {isa = PBXBuildFile; fileRef = 2960E2BC29A4114000589B4C /* HomeViewController.xib */; };
		2960E2D029A4114000589B4C /* AppRouter.swift in Sources */ = {isa = PBXBuildFile; fileRef = 2960E2BE29A4114000589B4C /* AppRouter.swift */; };
		2960E2D129A4114000589B4C /* AppContainer.swift in Sources */ = {isa = PBXBuildFile; fileRef = 2960E2BF29A4114000589B4C /* AppContainer.swift */; };
		2960E2D429A4114000589B4C /* Reusable.swift in Sources */ = {isa = PBXBuildFile; fileRef = 2960E2C329A4114000589B4C /* Reusable.swift */; };
		2960E2D529A4114000589B4C /* UIView+.swift in Sources */ = {isa = PBXBuildFile; fileRef = 2960E2C429A4114000589B4C /* UIView+.swift */; };
		2960E2D629A4114000589B4C /* UIViewController+.swift in Sources */ = {isa = PBXBuildFile; fileRef = 2960E2C529A4114000589B4C /* UIViewController+.swift */; };
		2960E2D729A4114000589B4C /* CustomXibView.swift in Sources */ = {isa = PBXBuildFile; fileRef = 2960E2C729A4114000589B4C /* CustomXibView.swift */; };
		2960E2DA29A4123200589B4C /* AppDelegate.swift in Sources */ = {isa = PBXBuildFile; fileRef = 2960E2D929A4123200589B4C /* AppDelegate.swift */; };
		2960E2DC29A4123900589B4C /* SceneDelegate.swift in Sources */ = {isa = PBXBuildFile; fileRef = 2960E2DB29A4123900589B4C /* SceneDelegate.swift */; };
		2960E2E029A516DF00589B4C /* HomeViewContracts.swift in Sources */ = {isa = PBXBuildFile; fileRef = 2960E2DF29A516DF00589B4C /* HomeViewContracts.swift */; };
		2960E2E229A5178B00589B4C /* HomeViewRouter.swift in Sources */ = {isa = PBXBuildFile; fileRef = 2960E2E129A5178B00589B4C /* HomeViewRouter.swift */; };
		2960E2E429A5183F00589B4C /* HomeViewModel.swift in Sources */ = {isa = PBXBuildFile; fileRef = 2960E2E329A5183F00589B4C /* HomeViewModel.swift */; };
		2960E2E629A518DC00589B4C /* HomeViewBuilder.swift in Sources */ = {isa = PBXBuildFile; fileRef = 2960E2E529A518DC00589B4C /* HomeViewBuilder.swift */; };
		2960E2F129A6555700589B4C /* LoginViewController.swift in Sources */ = {isa = PBXBuildFile; fileRef = 2960E2EF29A6555700589B4C /* LoginViewController.swift */; };
		2960E2F229A6555700589B4C /* LoginViewController.xib in Resources */ = {isa = PBXBuildFile; fileRef = 2960E2F029A6555700589B4C /* LoginViewController.xib */; };
		2960E2F429A6557500589B4C /* LoginViewBuilder.swift in Sources */ = {isa = PBXBuildFile; fileRef = 2960E2F329A6557500589B4C /* LoginViewBuilder.swift */; };
		2960E2F629A6558000589B4C /* LoginViewModel.swift in Sources */ = {isa = PBXBuildFile; fileRef = 2960E2F529A6558000589B4C /* LoginViewModel.swift */; };
		2960E2F829A6559B00589B4C /* LoginViewRouter.swift in Sources */ = {isa = PBXBuildFile; fileRef = 2960E2F729A6559B00589B4C /* LoginViewRouter.swift */; };
		2960E2FA29A655AE00589B4C /* LoginViewContracts.swift in Sources */ = {isa = PBXBuildFile; fileRef = 2960E2F929A655AE00589B4C /* LoginViewContracts.swift */; };
		2960E2FC29A6951600589B4C /* Color.xcassets in Resources */ = {isa = PBXBuildFile; fileRef = 2960E2FB29A6951600589B4C /* Color.xcassets */; };
		2960E2FE29A6953A00589B4C /* UIColor+.swift in Sources */ = {isa = PBXBuildFile; fileRef = 2960E2FD29A6953A00589B4C /* UIColor+.swift */; };
		2960E30029A697B400589B4C /* GenericError.swift in Sources */ = {isa = PBXBuildFile; fileRef = 2960E2FF29A697B400589B4C /* GenericError.swift */; };
		2960E30329A699A600589B4C /* Animator.swift in Sources */ = {isa = PBXBuildFile; fileRef = 2960E30229A699A600589B4C /* Animator.swift */; };
		95DC686329A3BCF90045CC4F /* Assets.xcassets in Resources */ = {isa = PBXBuildFile; fileRef = 95DC686229A3BCF90045CC4F /* Assets.xcassets */; };
		95DC687129A3BCF90045CC4F /* DriverTests.swift in Sources */ = {isa = PBXBuildFile; fileRef = 95DC687029A3BCF90045CC4F /* DriverTests.swift */; };
		95DC687B29A3BCF90045CC4F /* DriverUITests.swift in Sources */ = {isa = PBXBuildFile; fileRef = 95DC687A29A3BCF90045CC4F /* DriverUITests.swift */; };
		95DC687D29A3BCF90045CC4F /* DriverUITestsLaunchTests.swift in Sources */ = {isa = PBXBuildFile; fileRef = 95DC687C29A3BCF90045CC4F /* DriverUITestsLaunchTests.swift */; };
/* End PBXBuildFile section */

/* Begin PBXContainerItemProxy section */
		95DC686D29A3BCF90045CC4F /* PBXContainerItemProxy */ = {
			isa = PBXContainerItemProxy;
			containerPortal = 95DC684E29A3BCF80045CC4F /* Project object */;
			proxyType = 1;
			remoteGlobalIDString = 95DC685529A3BCF80045CC4F;
			remoteInfo = Driver;
		};
		95DC687729A3BCF90045CC4F /* PBXContainerItemProxy */ = {
			isa = PBXContainerItemProxy;
			containerPortal = 95DC684E29A3BCF80045CC4F /* Project object */;
			proxyType = 1;
			remoteGlobalIDString = 95DC685529A3BCF80045CC4F;
			remoteInfo = Driver;
		};
/* End PBXContainerItemProxy section */

/* Begin PBXFileReference section */
		2960E2B329A4114000589B4C /* SplashScreenRouter.swift */ = {isa = PBXFileReference; fileEncoding = 4; lastKnownFileType = sourcecode.swift; path = SplashScreenRouter.swift; sourceTree = "<group>"; };
		2960E2B429A4114000589B4C /* SplashScreenBuilder.swift */ = {isa = PBXFileReference; fileEncoding = 4; lastKnownFileType = sourcecode.swift; path = SplashScreenBuilder.swift; sourceTree = "<group>"; };
		2960E2B529A4114000589B4C /* SplashScreenContracts.swift */ = {isa = PBXFileReference; fileEncoding = 4; lastKnownFileType = sourcecode.swift; path = SplashScreenContracts.swift; sourceTree = "<group>"; };
		2960E2B629A4114000589B4C /* SplashScreenViewModel.swift */ = {isa = PBXFileReference; fileEncoding = 4; lastKnownFileType = sourcecode.swift; path = SplashScreenViewModel.swift; sourceTree = "<group>"; };
		2960E2B829A4114000589B4C /* SplashScreenViewController.xib */ = {isa = PBXFileReference; fileEncoding = 4; lastKnownFileType = file.xib; path = SplashScreenViewController.xib; sourceTree = "<group>"; };
		2960E2B929A4114000589B4C /* SplashScreenViewController.swift */ = {isa = PBXFileReference; fileEncoding = 4; lastKnownFileType = sourcecode.swift; path = SplashScreenViewController.swift; sourceTree = "<group>"; };
		2960E2BB29A4114000589B4C /* HomeViewController.swift */ = {isa = PBXFileReference; fileEncoding = 4; lastKnownFileType = sourcecode.swift; path = HomeViewController.swift; sourceTree = "<group>"; };
		2960E2BC29A4114000589B4C /* HomeViewController.xib */ = {isa = PBXFileReference; fileEncoding = 4; lastKnownFileType = file.xib; path = HomeViewController.xib; sourceTree = "<group>"; };
		2960E2BE29A4114000589B4C /* AppRouter.swift */ = {isa = PBXFileReference; fileEncoding = 4; lastKnownFileType = sourcecode.swift; path = AppRouter.swift; sourceTree = "<group>"; };
		2960E2BF29A4114000589B4C /* AppContainer.swift */ = {isa = PBXFileReference; fileEncoding = 4; lastKnownFileType = sourcecode.swift; path = AppContainer.swift; sourceTree = "<group>"; };
		2960E2C329A4114000589B4C /* Reusable.swift */ = {isa = PBXFileReference; fileEncoding = 4; lastKnownFileType = sourcecode.swift; path = Reusable.swift; sourceTree = "<group>"; };
		2960E2C429A4114000589B4C /* UIView+.swift */ = {isa = PBXFileReference; fileEncoding = 4; lastKnownFileType = sourcecode.swift; path = "UIView+.swift"; sourceTree = "<group>"; };
		2960E2C529A4114000589B4C /* UIViewController+.swift */ = {isa = PBXFileReference; fileEncoding = 4; lastKnownFileType = sourcecode.swift; path = "UIViewController+.swift"; sourceTree = "<group>"; };
		2960E2C729A4114000589B4C /* CustomXibView.swift */ = {isa = PBXFileReference; fileEncoding = 4; lastKnownFileType = sourcecode.swift; path = CustomXibView.swift; sourceTree = "<group>"; };
		2960E2D929A4123200589B4C /* AppDelegate.swift */ = {isa = PBXFileReference; fileEncoding = 4; lastKnownFileType = sourcecode.swift; path = AppDelegate.swift; sourceTree = "<group>"; };
		2960E2DB29A4123900589B4C /* SceneDelegate.swift */ = {isa = PBXFileReference; fileEncoding = 4; lastKnownFileType = sourcecode.swift; path = SceneDelegate.swift; sourceTree = "<group>"; };
		2960E2DF29A516DF00589B4C /* HomeViewContracts.swift */ = {isa = PBXFileReference; lastKnownFileType = sourcecode.swift; path = HomeViewContracts.swift; sourceTree = "<group>"; };
		2960E2E129A5178B00589B4C /* HomeViewRouter.swift */ = {isa = PBXFileReference; lastKnownFileType = sourcecode.swift; path = HomeViewRouter.swift; sourceTree = "<group>"; };
		2960E2E329A5183F00589B4C /* HomeViewModel.swift */ = {isa = PBXFileReference; lastKnownFileType = sourcecode.swift; path = HomeViewModel.swift; sourceTree = "<group>"; };
		2960E2E529A518DC00589B4C /* HomeViewBuilder.swift */ = {isa = PBXFileReference; lastKnownFileType = sourcecode.swift; path = HomeViewBuilder.swift; sourceTree = "<group>"; };
		2960E2EF29A6555700589B4C /* LoginViewController.swift */ = {isa = PBXFileReference; lastKnownFileType = sourcecode.swift; path = LoginViewController.swift; sourceTree = "<group>"; };
		2960E2F029A6555700589B4C /* LoginViewController.xib */ = {isa = PBXFileReference; lastKnownFileType = file.xib; path = LoginViewController.xib; sourceTree = "<group>"; };
		2960E2F329A6557500589B4C /* LoginViewBuilder.swift */ = {isa = PBXFileReference; lastKnownFileType = sourcecode.swift; path = LoginViewBuilder.swift; sourceTree = "<group>"; };
		2960E2F529A6558000589B4C /* LoginViewModel.swift */ = {isa = PBXFileReference; lastKnownFileType = sourcecode.swift; path = LoginViewModel.swift; sourceTree = "<group>"; };
		2960E2F729A6559B00589B4C /* LoginViewRouter.swift */ = {isa = PBXFileReference; lastKnownFileType = sourcecode.swift; path = LoginViewRouter.swift; sourceTree = "<group>"; };
		2960E2F929A655AE00589B4C /* LoginViewContracts.swift */ = {isa = PBXFileReference; lastKnownFileType = sourcecode.swift; path = LoginViewContracts.swift; sourceTree = "<group>"; };
		2960E2FB29A6951600589B4C /* Color.xcassets */ = {isa = PBXFileReference; lastKnownFileType = folder.assetcatalog; path = Color.xcassets; sourceTree = "<group>"; };
		2960E2FD29A6953A00589B4C /* UIColor+.swift */ = {isa = PBXFileReference; lastKnownFileType = sourcecode.swift; path = "UIColor+.swift"; sourceTree = "<group>"; };
		2960E2FF29A697B400589B4C /* GenericError.swift */ = {isa = PBXFileReference; lastKnownFileType = sourcecode.swift; path = GenericError.swift; sourceTree = "<group>"; };
		2960E30229A699A600589B4C /* Animator.swift */ = {isa = PBXFileReference; lastKnownFileType = sourcecode.swift; path = Animator.swift; sourceTree = "<group>"; };
		95DC685629A3BCF80045CC4F /* Driver.app */ = {isa = PBXFileReference; explicitFileType = wrapper.application; includeInIndex = 0; path = Driver.app; sourceTree = BUILT_PRODUCTS_DIR; };
		95DC686229A3BCF90045CC4F /* Assets.xcassets */ = {isa = PBXFileReference; lastKnownFileType = folder.assetcatalog; path = Assets.xcassets; sourceTree = "<group>"; };
		95DC686729A3BCF90045CC4F /* Info.plist */ = {isa = PBXFileReference; lastKnownFileType = text.plist.xml; path = Info.plist; sourceTree = "<group>"; };
		95DC686C29A3BCF90045CC4F /* DriverTests.xctest */ = {isa = PBXFileReference; explicitFileType = wrapper.cfbundle; includeInIndex = 0; path = DriverTests.xctest; sourceTree = BUILT_PRODUCTS_DIR; };
		95DC687029A3BCF90045CC4F /* DriverTests.swift */ = {isa = PBXFileReference; lastKnownFileType = sourcecode.swift; path = DriverTests.swift; sourceTree = "<group>"; };
		95DC687629A3BCF90045CC4F /* DriverUITests.xctest */ = {isa = PBXFileReference; explicitFileType = wrapper.cfbundle; includeInIndex = 0; path = DriverUITests.xctest; sourceTree = BUILT_PRODUCTS_DIR; };
		95DC687A29A3BCF90045CC4F /* DriverUITests.swift */ = {isa = PBXFileReference; lastKnownFileType = sourcecode.swift; path = DriverUITests.swift; sourceTree = "<group>"; };
		95DC687C29A3BCF90045CC4F /* DriverUITestsLaunchTests.swift */ = {isa = PBXFileReference; lastKnownFileType = sourcecode.swift; path = DriverUITestsLaunchTests.swift; sourceTree = "<group>"; };
/* End PBXFileReference section */

/* Begin PBXFrameworksBuildPhase section */
		95DC685329A3BCF80045CC4F /* Frameworks */ = {
			isa = PBXFrameworksBuildPhase;
			buildActionMask = 2147483647;
			files = (
			);
			runOnlyForDeploymentPostprocessing = 0;
		};
		95DC686929A3BCF90045CC4F /* Frameworks */ = {
			isa = PBXFrameworksBuildPhase;
			buildActionMask = 2147483647;
			files = (
			);
			runOnlyForDeploymentPostprocessing = 0;
		};
		95DC687329A3BCF90045CC4F /* Frameworks */ = {
			isa = PBXFrameworksBuildPhase;
			buildActionMask = 2147483647;
			files = (
			);
			runOnlyForDeploymentPostprocessing = 0;
		};
/* End PBXFrameworksBuildPhase section */

/* Begin PBXGroup section */
		2960E2B129A4114000589B4C /* Scenes */ = {
			isa = PBXGroup;
			children = (
				2960E2B229A4114000589B4C /* SplashScreen */,
				2960E2ED29A6550F00589B4C /* LoginScreen */,
				2960E2BA29A4114000589B4C /* HomeScreen */,
			);
			path = Scenes;
			sourceTree = "<group>";
		};
		2960E2B229A4114000589B4C /* SplashScreen */ = {
			isa = PBXGroup;
			children = (
				2960E2B729A4114000589B4C /* ViewController */,
				2960E2B629A4114000589B4C /* SplashScreenViewModel.swift */,
				2960E2B329A4114000589B4C /* SplashScreenRouter.swift */,
				2960E2B429A4114000589B4C /* SplashScreenBuilder.swift */,
				2960E2B529A4114000589B4C /* SplashScreenContracts.swift */,
			);
			path = SplashScreen;
			sourceTree = "<group>";
		};
		2960E2B729A4114000589B4C /* ViewController */ = {
			isa = PBXGroup;
			children = (
				2960E2B829A4114000589B4C /* SplashScreenViewController.xib */,
				2960E2B929A4114000589B4C /* SplashScreenViewController.swift */,
			);
			path = ViewController;
			sourceTree = "<group>";
		};
		2960E2BA29A4114000589B4C /* HomeScreen */ = {
			isa = PBXGroup;
			children = (
				2960E2DD29A5168B00589B4C /* HomeViewController */,
				2960E2E329A5183F00589B4C /* HomeViewModel.swift */,
				2960E2DF29A516DF00589B4C /* HomeViewContracts.swift */,
				2960E2E129A5178B00589B4C /* HomeViewRouter.swift */,
				2960E2E529A518DC00589B4C /* HomeViewBuilder.swift */,
			);
			path = HomeScreen;
			sourceTree = "<group>";
		};
		2960E2BD29A4114000589B4C /* App */ = {
			isa = PBXGroup;
			children = (
				2960E2D929A4123200589B4C /* AppDelegate.swift */,
				2960E2DB29A4123900589B4C /* SceneDelegate.swift */,
				2960E2BF29A4114000589B4C /* AppContainer.swift */,
				2960E2BE29A4114000589B4C /* AppRouter.swift */,
			);
			path = App;
			sourceTree = "<group>";
		};
		2960E2C229A4114000589B4C /* Extenison */ = {
			isa = PBXGroup;
			children = (
				2960E2C329A4114000589B4C /* Reusable.swift */,
				2960E2C429A4114000589B4C /* UIView+.swift */,
				2960E2C529A4114000589B4C /* UIViewController+.swift */,
				2960E2FD29A6953A00589B4C /* UIColor+.swift */,
			);
			path = Extenison;
			sourceTree = "<group>";
		};
		2960E2C629A4114000589B4C /* Custom */ = {
			isa = PBXGroup;
			children = (
				2960E2C729A4114000589B4C /* CustomXibView.swift */,
				2960E2FF29A697B400589B4C /* GenericError.swift */,
			);
			path = Custom;
			sourceTree = "<group>";
		};
		2960E2D829A4115800589B4C /* Resources */ = {
			isa = PBXGroup;
			children = (
				95DC686229A3BCF90045CC4F /* Assets.xcassets */,
				2960E2FB29A6951600589B4C /* Color.xcassets */,
			);
			path = Resources;
			sourceTree = "<group>";
		};
		2960E2DD29A5168B00589B4C /* HomeViewController */ = {
			isa = PBXGroup;
			children = (
				2960E2BB29A4114000589B4C /* HomeViewController.swift */,
				2960E2BC29A4114000589B4C /* HomeViewController.xib */,
			);
			path = HomeViewController;
			sourceTree = "<group>";
		};
		2960E2ED29A6550F00589B4C /* LoginScreen */ = {
			isa = PBXGroup;
			children = (
				2960E2EE29A6553F00589B4C /* ViewController */,
				2960E2F529A6558000589B4C /* LoginViewModel.swift */,
				2960E2F329A6557500589B4C /* LoginViewBuilder.swift */,
				2960E2F729A6559B00589B4C /* LoginViewRouter.swift */,
				2960E2F929A655AE00589B4C /* LoginViewContracts.swift */,
			);
			path = LoginScreen;
			sourceTree = "<group>";
		};
		2960E2EE29A6553F00589B4C /* ViewController */ = {
			isa = PBXGroup;
			children = (
				2960E2EF29A6555700589B4C /* LoginViewController.swift */,
				2960E2F029A6555700589B4C /* LoginViewController.xib */,
			);
			path = ViewController;
			sourceTree = "<group>";
		};
		2960E30129A6999900589B4C /* Helper */ = {
			isa = PBXGroup;
			children = (
				2960E30229A699A600589B4C /* Animator.swift */,
			);
			path = Helper;
			sourceTree = "<group>";
		};
		95DC684D29A3BCF80045CC4F = {
			isa = PBXGroup;
			children = (
				95DC685829A3BCF80045CC4F /* Driver */,
				95DC686F29A3BCF90045CC4F /* DriverTests */,
				95DC687929A3BCF90045CC4F /* DriverUITests */,
				95DC685729A3BCF80045CC4F /* Products */,
			);
			sourceTree = "<group>";
		};
		95DC685729A3BCF80045CC4F /* Products */ = {
			isa = PBXGroup;
			children = (
				95DC685629A3BCF80045CC4F /* Driver.app */,
				95DC686C29A3BCF90045CC4F /* DriverTests.xctest */,
				95DC687629A3BCF90045CC4F /* DriverUITests.xctest */,
			);
			name = Products;
			sourceTree = "<group>";
		};
		95DC685829A3BCF80045CC4F /* Driver */ = {
			isa = PBXGroup;
			children = (
				2960E2BD29A4114000589B4C /* App */,
				2960E2B129A4114000589B4C /* Scenes */,
				2960E2C629A4114000589B4C /* Custom */,
				2960E2C229A4114000589B4C /* Extenison */,
				2960E30129A6999900589B4C /* Helper */,
				2960E2D829A4115800589B4C /* Resources */,
				95DC686729A3BCF90045CC4F /* Info.plist */,
			);
			path = Driver;
			sourceTree = "<group>";
		};
		95DC686F29A3BCF90045CC4F /* DriverTests */ = {
			isa = PBXGroup;
			children = (
				95DC687029A3BCF90045CC4F /* DriverTests.swift */,
			);
			path = DriverTests;
			sourceTree = "<group>";
		};
		95DC687929A3BCF90045CC4F /* DriverUITests */ = {
			isa = PBXGroup;
			children = (
				95DC687A29A3BCF90045CC4F /* DriverUITests.swift */,
				95DC687C29A3BCF90045CC4F /* DriverUITestsLaunchTests.swift */,
			);
			path = DriverUITests;
			sourceTree = "<group>";
		};
/* End PBXGroup section */

/* Begin PBXNativeTarget section */
		95DC685529A3BCF80045CC4F /* Driver */ = {
			isa = PBXNativeTarget;
			buildConfigurationList = 95DC688029A3BCF90045CC4F /* Build configuration list for PBXNativeTarget "Driver" */;
			buildPhases = (
				95DC685229A3BCF80045CC4F /* Sources */,
				95DC685329A3BCF80045CC4F /* Frameworks */,
				95DC685429A3BCF80045CC4F /* Resources */,
			);
			buildRules = (
			);
			dependencies = (
			);
			name = Driver;
			productName = Driver;
			productReference = 95DC685629A3BCF80045CC4F /* Driver.app */;
			productType = "com.apple.product-type.application";
		};
		95DC686B29A3BCF90045CC4F /* DriverTests */ = {
			isa = PBXNativeTarget;
			buildConfigurationList = 95DC688329A3BCF90045CC4F /* Build configuration list for PBXNativeTarget "DriverTests" */;
			buildPhases = (
				95DC686829A3BCF90045CC4F /* Sources */,
				95DC686929A3BCF90045CC4F /* Frameworks */,
				95DC686A29A3BCF90045CC4F /* Resources */,
			);
			buildRules = (
			);
			dependencies = (
				95DC686E29A3BCF90045CC4F /* PBXTargetDependency */,
			);
			name = DriverTests;
			productName = DriverTests;
			productReference = 95DC686C29A3BCF90045CC4F /* DriverTests.xctest */;
			productType = "com.apple.product-type.bundle.unit-test";
		};
		95DC687529A3BCF90045CC4F /* DriverUITests */ = {
			isa = PBXNativeTarget;
			buildConfigurationList = 95DC688629A3BCF90045CC4F /* Build configuration list for PBXNativeTarget "DriverUITests" */;
			buildPhases = (
				95DC687229A3BCF90045CC4F /* Sources */,
				95DC687329A3BCF90045CC4F /* Frameworks */,
				95DC687429A3BCF90045CC4F /* Resources */,
			);
			buildRules = (
			);
			dependencies = (
				95DC687829A3BCF90045CC4F /* PBXTargetDependency */,
			);
			name = DriverUITests;
			productName = DriverUITests;
			productReference = 95DC687629A3BCF90045CC4F /* DriverUITests.xctest */;
			productType = "com.apple.product-type.bundle.ui-testing";
		};
/* End PBXNativeTarget section */

/* Begin PBXProject section */
		95DC684E29A3BCF80045CC4F /* Project object */ = {
			isa = PBXProject;
			attributes = {
				BuildIndependentTargetsInParallel = 1;
				LastSwiftUpdateCheck = 1420;
				LastUpgradeCheck = 1420;
				TargetAttributes = {
					95DC685529A3BCF80045CC4F = {
						CreatedOnToolsVersion = 14.2;
					};
					95DC686B29A3BCF90045CC4F = {
						CreatedOnToolsVersion = 14.2;
						TestTargetID = 95DC685529A3BCF80045CC4F;
					};
					95DC687529A3BCF90045CC4F = {
						CreatedOnToolsVersion = 14.2;
						TestTargetID = 95DC685529A3BCF80045CC4F;
					};
				};
			};
			buildConfigurationList = 95DC685129A3BCF80045CC4F /* Build configuration list for PBXProject "Driver" */;
			compatibilityVersion = "Xcode 14.0";
			developmentRegion = en;
			hasScannedForEncodings = 0;
			knownRegions = (
				en,
				Base,
			);
			mainGroup = 95DC684D29A3BCF80045CC4F;
			productRefGroup = 95DC685729A3BCF80045CC4F /* Products */;
			projectDirPath = "";
			projectRoot = "";
			targets = (
				95DC685529A3BCF80045CC4F /* Driver */,
				95DC686B29A3BCF90045CC4F /* DriverTests */,
				95DC687529A3BCF90045CC4F /* DriverUITests */,
			);
		};
/* End PBXProject section */

/* Begin PBXResourcesBuildPhase section */
		95DC685429A3BCF80045CC4F /* Resources */ = {
			isa = PBXResourcesBuildPhase;
			buildActionMask = 2147483647;
			files = (
				2960E2F229A6555700589B4C /* LoginViewController.xib in Resources */,
				95DC686329A3BCF90045CC4F /* Assets.xcassets in Resources */,
				2960E2FC29A6951600589B4C /* Color.xcassets in Resources */,
				2960E2CF29A4114000589B4C /* HomeViewController.xib in Resources */,
				2960E2CC29A4114000589B4C /* SplashScreenViewController.xib in Resources */,
			);
			runOnlyForDeploymentPostprocessing = 0;
		};
		95DC686A29A3BCF90045CC4F /* Resources */ = {
			isa = PBXResourcesBuildPhase;
			buildActionMask = 2147483647;
			files = (
			);
			runOnlyForDeploymentPostprocessing = 0;
		};
		95DC687429A3BCF90045CC4F /* Resources */ = {
			isa = PBXResourcesBuildPhase;
			buildActionMask = 2147483647;
			files = (
			);
			runOnlyForDeploymentPostprocessing = 0;
		};
/* End PBXResourcesBuildPhase section */

/* Begin PBXSourcesBuildPhase section */
		95DC685229A3BCF80045CC4F /* Sources */ = {
			isa = PBXSourcesBuildPhase;
			buildActionMask = 2147483647;
			files = (
				2960E2F629A6558000589B4C /* LoginViewModel.swift in Sources */,
				2960E2E429A5183F00589B4C /* HomeViewModel.swift in Sources */,
				2960E2D529A4114000589B4C /* UIView+.swift in Sources */,
				2960E2DC29A4123900589B4C /* SceneDelegate.swift in Sources */,
				2960E2C929A4114000589B4C /* SplashScreenBuilder.swift in Sources */,
				2960E2F129A6555700589B4C /* LoginViewController.swift in Sources */,
				2960E2D429A4114000589B4C /* Reusable.swift in Sources */,
				2960E2E229A5178B00589B4C /* HomeViewRouter.swift in Sources */,
				2960E2FA29A655AE00589B4C /* LoginViewContracts.swift in Sources */,
				2960E2D129A4114000589B4C /* AppContainer.swift in Sources */,
				2960E2F429A6557500589B4C /* LoginViewBuilder.swift in Sources */,
				2960E2E029A516DF00589B4C /* HomeViewContracts.swift in Sources */,
				2960E2CB29A4114000589B4C /* SplashScreenViewModel.swift in Sources */,
				2960E30029A697B400589B4C /* GenericError.swift in Sources */,
				2960E2CA29A4114000589B4C /* SplashScreenContracts.swift in Sources */,
				2960E2CE29A4114000589B4C /* HomeViewController.swift in Sources */,
				2960E2D629A4114000589B4C /* UIViewController+.swift in Sources */,
				2960E2F829A6559B00589B4C /* LoginViewRouter.swift in Sources */,
				2960E2FE29A6953A00589B4C /* UIColor+.swift in Sources */,
				2960E2DA29A4123200589B4C /* AppDelegate.swift in Sources */,
				2960E2D029A4114000589B4C /* AppRouter.swift in Sources */,
				2960E2D729A4114000589B4C /* CustomXibView.swift in Sources */,
				2960E2E629A518DC00589B4C /* HomeViewBuilder.swift in Sources */,
				2960E30329A699A600589B4C /* Animator.swift in Sources */,
				2960E2CD29A4114000589B4C /* SplashScreenViewController.swift in Sources */,
				2960E2C829A4114000589B4C /* SplashScreenRouter.swift in Sources */,
			);
			runOnlyForDeploymentPostprocessing = 0;
		};
		95DC686829A3BCF90045CC4F /* Sources */ = {
			isa = PBXSourcesBuildPhase;
			buildActionMask = 2147483647;
			files = (
				95DC687129A3BCF90045CC4F /* DriverTests.swift in Sources */,
			);
			runOnlyForDeploymentPostprocessing = 0;
		};
		95DC687229A3BCF90045CC4F /* Sources */ = {
			isa = PBXSourcesBuildPhase;
			buildActionMask = 2147483647;
			files = (
				95DC687D29A3BCF90045CC4F /* DriverUITestsLaunchTests.swift in Sources */,
				95DC687B29A3BCF90045CC4F /* DriverUITests.swift in Sources */,
			);
			runOnlyForDeploymentPostprocessing = 0;
		};
/* End PBXSourcesBuildPhase section */

/* Begin PBXTargetDependency section */
		95DC686E29A3BCF90045CC4F /* PBXTargetDependency */ = {
			isa = PBXTargetDependency;
			target = 95DC685529A3BCF80045CC4F /* Driver */;
			targetProxy = 95DC686D29A3BCF90045CC4F /* PBXContainerItemProxy */;
		};
		95DC687829A3BCF90045CC4F /* PBXTargetDependency */ = {
			isa = PBXTargetDependency;
			target = 95DC685529A3BCF80045CC4F /* Driver */;
			targetProxy = 95DC687729A3BCF90045CC4F /* PBXContainerItemProxy */;
		};
/* End PBXTargetDependency section */

/* Begin XCBuildConfiguration section */
		95DC687E29A3BCF90045CC4F /* Debug */ = {
			isa = XCBuildConfiguration;
			buildSettings = {
				ALWAYS_SEARCH_USER_PATHS = NO;
				CLANG_ANALYZER_NONNULL = YES;
				CLANG_ANALYZER_NUMBER_OBJECT_CONVERSION = YES_AGGRESSIVE;
				CLANG_CXX_LANGUAGE_STANDARD = "gnu++20";
				CLANG_ENABLE_MODULES = YES;
				CLANG_ENABLE_OBJC_ARC = YES;
				CLANG_ENABLE_OBJC_WEAK = YES;
				CLANG_WARN_BLOCK_CAPTURE_AUTORELEASING = YES;
				CLANG_WARN_BOOL_CONVERSION = YES;
				CLANG_WARN_COMMA = YES;
				CLANG_WARN_CONSTANT_CONVERSION = YES;
				CLANG_WARN_DEPRECATED_OBJC_IMPLEMENTATIONS = YES;
				CLANG_WARN_DIRECT_OBJC_ISA_USAGE = YES_ERROR;
				CLANG_WARN_DOCUMENTATION_COMMENTS = YES;
				CLANG_WARN_EMPTY_BODY = YES;
				CLANG_WARN_ENUM_CONVERSION = YES;
				CLANG_WARN_INFINITE_RECURSION = YES;
				CLANG_WARN_INT_CONVERSION = YES;
				CLANG_WARN_NON_LITERAL_NULL_CONVERSION = YES;
				CLANG_WARN_OBJC_IMPLICIT_RETAIN_SELF = YES;
				CLANG_WARN_OBJC_LITERAL_CONVERSION = YES;
				CLANG_WARN_OBJC_ROOT_CLASS = YES_ERROR;
				CLANG_WARN_QUOTED_INCLUDE_IN_FRAMEWORK_HEADER = YES;
				CLANG_WARN_RANGE_LOOP_ANALYSIS = YES;
				CLANG_WARN_STRICT_PROTOTYPES = YES;
				CLANG_WARN_SUSPICIOUS_MOVE = YES;
				CLANG_WARN_UNGUARDED_AVAILABILITY = YES_AGGRESSIVE;
				CLANG_WARN_UNREACHABLE_CODE = YES;
				CLANG_WARN__DUPLICATE_METHOD_MATCH = YES;
				COPY_PHASE_STRIP = NO;
				DEBUG_INFORMATION_FORMAT = dwarf;
				ENABLE_STRICT_OBJC_MSGSEND = YES;
				ENABLE_TESTABILITY = YES;
				GCC_C_LANGUAGE_STANDARD = gnu11;
				GCC_DYNAMIC_NO_PIC = NO;
				GCC_NO_COMMON_BLOCKS = YES;
				GCC_OPTIMIZATION_LEVEL = 0;
				GCC_PREPROCESSOR_DEFINITIONS = (
					"DEBUG=1",
					"$(inherited)",
				);
				GCC_WARN_64_TO_32_BIT_CONVERSION = YES;
				GCC_WARN_ABOUT_RETURN_TYPE = YES_ERROR;
				GCC_WARN_UNDECLARED_SELECTOR = YES;
				GCC_WARN_UNINITIALIZED_AUTOS = YES_AGGRESSIVE;
				GCC_WARN_UNUSED_FUNCTION = YES;
				GCC_WARN_UNUSED_VARIABLE = YES;
				IPHONEOS_DEPLOYMENT_TARGET = 12.0;
				MTL_ENABLE_DEBUG_INFO = INCLUDE_SOURCE;
				MTL_FAST_MATH = YES;
				ONLY_ACTIVE_ARCH = YES;
				SDKROOT = iphoneos;
				SWIFT_ACTIVE_COMPILATION_CONDITIONS = DEBUG;
				SWIFT_OPTIMIZATION_LEVEL = "-Onone";
			};
			name = Debug;
		};
		95DC687F29A3BCF90045CC4F /* Release */ = {
			isa = XCBuildConfiguration;
			buildSettings = {
				ALWAYS_SEARCH_USER_PATHS = NO;
				CLANG_ANALYZER_NONNULL = YES;
				CLANG_ANALYZER_NUMBER_OBJECT_CONVERSION = YES_AGGRESSIVE;
				CLANG_CXX_LANGUAGE_STANDARD = "gnu++20";
				CLANG_ENABLE_MODULES = YES;
				CLANG_ENABLE_OBJC_ARC = YES;
				CLANG_ENABLE_OBJC_WEAK = YES;
				CLANG_WARN_BLOCK_CAPTURE_AUTORELEASING = YES;
				CLANG_WARN_BOOL_CONVERSION = YES;
				CLANG_WARN_COMMA = YES;
				CLANG_WARN_CONSTANT_CONVERSION = YES;
				CLANG_WARN_DEPRECATED_OBJC_IMPLEMENTATIONS = YES;
				CLANG_WARN_DIRECT_OBJC_ISA_USAGE = YES_ERROR;
				CLANG_WARN_DOCUMENTATION_COMMENTS = YES;
				CLANG_WARN_EMPTY_BODY = YES;
				CLANG_WARN_ENUM_CONVERSION = YES;
				CLANG_WARN_INFINITE_RECURSION = YES;
				CLANG_WARN_INT_CONVERSION = YES;
				CLANG_WARN_NON_LITERAL_NULL_CONVERSION = YES;
				CLANG_WARN_OBJC_IMPLICIT_RETAIN_SELF = YES;
				CLANG_WARN_OBJC_LITERAL_CONVERSION = YES;
				CLANG_WARN_OBJC_ROOT_CLASS = YES_ERROR;
				CLANG_WARN_QUOTED_INCLUDE_IN_FRAMEWORK_HEADER = YES;
				CLANG_WARN_RANGE_LOOP_ANALYSIS = YES;
				CLANG_WARN_STRICT_PROTOTYPES = YES;
				CLANG_WARN_SUSPICIOUS_MOVE = YES;
				CLANG_WARN_UNGUARDED_AVAILABILITY = YES_AGGRESSIVE;
				CLANG_WARN_UNREACHABLE_CODE = YES;
				CLANG_WARN__DUPLICATE_METHOD_MATCH = YES;
				COPY_PHASE_STRIP = NO;
				DEBUG_INFORMATION_FORMAT = "dwarf-with-dsym";
				ENABLE_NS_ASSERTIONS = NO;
				ENABLE_STRICT_OBJC_MSGSEND = YES;
				GCC_C_LANGUAGE_STANDARD = gnu11;
				GCC_NO_COMMON_BLOCKS = YES;
				GCC_WARN_64_TO_32_BIT_CONVERSION = YES;
				GCC_WARN_ABOUT_RETURN_TYPE = YES_ERROR;
				GCC_WARN_UNDECLARED_SELECTOR = YES;
				GCC_WARN_UNINITIALIZED_AUTOS = YES_AGGRESSIVE;
				GCC_WARN_UNUSED_FUNCTION = YES;
				GCC_WARN_UNUSED_VARIABLE = YES;
				IPHONEOS_DEPLOYMENT_TARGET = 12.0;
				MTL_ENABLE_DEBUG_INFO = NO;
				MTL_FAST_MATH = YES;
				SDKROOT = iphoneos;
				SWIFT_COMPILATION_MODE = wholemodule;
				SWIFT_OPTIMIZATION_LEVEL = "-O";
				VALIDATE_PRODUCT = YES;
			};
			name = Release;
		};
		95DC688129A3BCF90045CC4F /* Debug */ = {
			isa = XCBuildConfiguration;
			buildSettings = {
				ASSETCATALOG_COMPILER_APPICON_NAME = AppIcon;
				ASSETCATALOG_COMPILER_GLOBAL_ACCENT_COLOR_NAME = AccentColor;
				CODE_SIGN_STYLE = Automatic;
				CURRENT_PROJECT_VERSION = 1;
				DEVELOPMENT_TEAM = M9437KP6T5;
				GENERATE_INFOPLIST_FILE = YES;
				INFOPLIST_FILE = Driver/Info.plist;
				INFOPLIST_KEY_UIApplicationSupportsIndirectInputEvents = YES;
				INFOPLIST_KEY_UILaunchStoryboardName = LaunchScreen;
				INFOPLIST_KEY_UISupportedInterfaceOrientations = "UIInterfaceOrientationLandscapeLeft UIInterfaceOrientationLandscapeRight UIInterfaceOrientationPortrait";
				INFOPLIST_KEY_UISupportedInterfaceOrientations_iPad = UIInterfaceOrientationPortrait;
				IPHONEOS_DEPLOYMENT_TARGET = 12.0;
				LD_RUNPATH_SEARCH_PATHS = (
					"$(inherited)",
					"@executable_path/Frameworks",
				);
				MARKETING_VERSION = 1.0;
				PRODUCT_BUNDLE_IDENTIFIER = com.Ays.Driver;
				PRODUCT_NAME = "$(TARGET_NAME)";
				SUPPORTED_PLATFORMS = "iphoneos iphonesimulator";
				SUPPORTS_MACCATALYST = NO;
				SUPPORTS_MAC_DESIGNED_FOR_IPHONE_IPAD = NO;
				SWIFT_EMIT_LOC_STRINGS = YES;
				SWIFT_VERSION = 5.0;
				TARGETED_DEVICE_FAMILY = 1;
			};
			name = Debug;
		};
		95DC688229A3BCF90045CC4F /* Release */ = {
			isa = XCBuildConfiguration;
			buildSettings = {
				ASSETCATALOG_COMPILER_APPICON_NAME = AppIcon;
				ASSETCATALOG_COMPILER_GLOBAL_ACCENT_COLOR_NAME = AccentColor;
				CODE_SIGN_STYLE = Automatic;
				CURRENT_PROJECT_VERSION = 1;
				DEVELOPMENT_TEAM = M9437KP6T5;
				GENERATE_INFOPLIST_FILE = YES;
				INFOPLIST_FILE = Driver/Info.plist;
				INFOPLIST_KEY_UIApplicationSupportsIndirectInputEvents = YES;
				INFOPLIST_KEY_UILaunchStoryboardName = LaunchScreen;
				INFOPLIST_KEY_UISupportedInterfaceOrientations = "UIInterfaceOrientationLandscapeLeft UIInterfaceOrientationLandscapeRight UIInterfaceOrientationPortrait";
				INFOPLIST_KEY_UISupportedInterfaceOrientations_iPad = UIInterfaceOrientationPortrait;
				IPHONEOS_DEPLOYMENT_TARGET = 12.0;
				LD_RUNPATH_SEARCH_PATHS = (
					"$(inherited)",
					"@executable_path/Frameworks",
				);
				MARKETING_VERSION = 1.0;
				PRODUCT_BUNDLE_IDENTIFIER = com.Ays.Driver;
				PRODUCT_NAME = "$(TARGET_NAME)";
				SUPPORTED_PLATFORMS = "iphoneos iphonesimulator";
				SUPPORTS_MACCATALYST = NO;
				SUPPORTS_MAC_DESIGNED_FOR_IPHONE_IPAD = NO;
				SWIFT_EMIT_LOC_STRINGS = YES;
				SWIFT_VERSION = 5.0;
				TARGETED_DEVICE_FAMILY = 1;
			};
			name = Release;
		};
		95DC688429A3BCF90045CC4F /* Debug */ = {
			isa = XCBuildConfiguration;
			buildSettings = {
				ALWAYS_EMBED_SWIFT_STANDARD_LIBRARIES = YES;
				BUNDLE_LOADER = "$(TEST_HOST)";
				CODE_SIGN_STYLE = Automatic;
				CURRENT_PROJECT_VERSION = 1;
				DEVELOPMENT_TEAM = WH348GWAUW;
				GENERATE_INFOPLIST_FILE = YES;
				IPHONEOS_DEPLOYMENT_TARGET = 16.2;
				MARKETING_VERSION = 1.0;
				PRODUCT_BUNDLE_IDENTIFIER = com.Ays.DriverTests;
				PRODUCT_NAME = "$(TARGET_NAME)";
				SWIFT_EMIT_LOC_STRINGS = NO;
				SWIFT_VERSION = 5.0;
				TARGETED_DEVICE_FAMILY = "1,2";
				TEST_HOST = "$(BUILT_PRODUCTS_DIR)/Driver.app/$(BUNDLE_EXECUTABLE_FOLDER_PATH)/Driver";
			};
			name = Debug;
		};
		95DC688529A3BCF90045CC4F /* Release */ = {
			isa = XCBuildConfiguration;
			buildSettings = {
				ALWAYS_EMBED_SWIFT_STANDARD_LIBRARIES = YES;
				BUNDLE_LOADER = "$(TEST_HOST)";
				CODE_SIGN_STYLE = Automatic;
				CURRENT_PROJECT_VERSION = 1;
				DEVELOPMENT_TEAM = WH348GWAUW;
				GENERATE_INFOPLIST_FILE = YES;
				IPHONEOS_DEPLOYMENT_TARGET = 16.2;
				MARKETING_VERSION = 1.0;
				PRODUCT_BUNDLE_IDENTIFIER = com.Ays.DriverTests;
				PRODUCT_NAME = "$(TARGET_NAME)";
				SWIFT_EMIT_LOC_STRINGS = NO;
				SWIFT_VERSION = 5.0;
				TARGETED_DEVICE_FAMILY = "1,2";
				TEST_HOST = "$(BUILT_PRODUCTS_DIR)/Driver.app/$(BUNDLE_EXECUTABLE_FOLDER_PATH)/Driver";
			};
			name = Release;
		};
		95DC688729A3BCF90045CC4F /* Debug */ = {
			isa = XCBuildConfiguration;
			buildSettings = {
				ALWAYS_EMBED_SWIFT_STANDARD_LIBRARIES = YES;
				CODE_SIGN_STYLE = Automatic;
				CURRENT_PROJECT_VERSION = 1;
				DEVELOPMENT_TEAM = WH348GWAUW;
				GENERATE_INFOPLIST_FILE = YES;
				MARKETING_VERSION = 1.0;
				PRODUCT_BUNDLE_IDENTIFIER = com.Ays.DriverUITests;
				PRODUCT_NAME = "$(TARGET_NAME)";
				SWIFT_EMIT_LOC_STRINGS = NO;
				SWIFT_VERSION = 5.0;
				TARGETED_DEVICE_FAMILY = "1,2";
				TEST_TARGET_NAME = Driver;
			};
			name = Debug;
		};
		95DC688829A3BCF90045CC4F /* Release */ = {
			isa = XCBuildConfiguration;
			buildSettings = {
				ALWAYS_EMBED_SWIFT_STANDARD_LIBRARIES = YES;
				CODE_SIGN_STYLE = Automatic;
				CURRENT_PROJECT_VERSION = 1;
				DEVELOPMENT_TEAM = WH348GWAUW;
				GENERATE_INFOPLIST_FILE = YES;
				MARKETING_VERSION = 1.0;
				PRODUCT_BUNDLE_IDENTIFIER = com.Ays.DriverUITests;
				PRODUCT_NAME = "$(TARGET_NAME)";
				SWIFT_EMIT_LOC_STRINGS = NO;
				SWIFT_VERSION = 5.0;
				TARGETED_DEVICE_FAMILY = "1,2";
				TEST_TARGET_NAME = Driver;
			};
			name = Release;
		};
/* End XCBuildConfiguration section */

/* Begin XCConfigurationList section */
		95DC685129A3BCF80045CC4F /* Build configuration list for PBXProject "Driver" */ = {
			isa = XCConfigurationList;
			buildConfigurations = (
				95DC687E29A3BCF90045CC4F /* Debug */,
				95DC687F29A3BCF90045CC4F /* Release */,
			);
			defaultConfigurationIsVisible = 0;
			defaultConfigurationName = Release;
		};
		95DC688029A3BCF90045CC4F /* Build configuration list for PBXNativeTarget "Driver" */ = {
			isa = XCConfigurationList;
			buildConfigurations = (
				95DC688129A3BCF90045CC4F /* Debug */,
				95DC688229A3BCF90045CC4F /* Release */,
			);
			defaultConfigurationIsVisible = 0;
			defaultConfigurationName = Release;
		};
		95DC688329A3BCF90045CC4F /* Build configuration list for PBXNativeTarget "DriverTests" */ = {
			isa = XCConfigurationList;
			buildConfigurations = (
				95DC688429A3BCF90045CC4F /* Debug */,
				95DC688529A3BCF90045CC4F /* Release */,
			);
			defaultConfigurationIsVisible = 0;
			defaultConfigurationName = Release;
		};
		95DC688629A3BCF90045CC4F /* Build configuration list for PBXNativeTarget "DriverUITests" */ = {
			isa = XCConfigurationList;
			buildConfigurations = (
				95DC688729A3BCF90045CC4F /* Debug */,
				95DC688829A3BCF90045CC4F /* Release */,
			);
			defaultConfigurationIsVisible = 0;
			defaultConfigurationName = Release;
		};
/* End XCConfigurationList section */
	};
	rootObject = 95DC684E29A3BCF80045CC4F /* Project object */;
}
