// !$*UTF8*$!
{
	archiveVersion = 1;
	classes = {
	};
	objectVersion = 56;
	objects = {

/* Begin PBXBuildFile section */
		377F4E9C49931B85A298F6AB /* Pods_DriverTests.framework in Frameworks */ = {isa = PBXBuildFile; fileRef = 3AF153E52437106642CA448F /* Pods_DriverTests.framework */; };
		8EFBF20ADE9BBED25D9C75E1 /* Pods_Driver.framework in Frameworks */ = {isa = PBXBuildFile; fileRef = 70D54BB878FA08497F426A53 /* Pods_Driver.framework */; };
		95DC687129A3BCF90045CC4F /* DriverTests.swift in Sources */ = {isa = PBXBuildFile; fileRef = 95DC687029A3BCF90045CC4F /* DriverTests.swift */; };
		95DC687B29A3BCF90045CC4F /* DriverUITests.swift in Sources */ = {isa = PBXBuildFile; fileRef = 95DC687A29A3BCF90045CC4F /* DriverUITests.swift */; };
		95DC687D29A3BCF90045CC4F /* DriverUITestsLaunchTests.swift in Sources */ = {isa = PBXBuildFile; fileRef = 95DC687C29A3BCF90045CC4F /* DriverUITestsLaunchTests.swift */; };
		BABA274129FE7E3C0052B52E /* SplashScreenRouter.swift in Sources */ = {isa = PBXBuildFile; fileRef = BABA26F829FE7E3C0052B52E /* SplashScreenRouter.swift */; };
		BABA274229FE7E3C0052B52E /* SplashScreenBuilder.swift in Sources */ = {isa = PBXBuildFile; fileRef = BABA26F929FE7E3C0052B52E /* SplashScreenBuilder.swift */; };
		BABA274329FE7E3C0052B52E /* SplashScreenProtocols.swift in Sources */ = {isa = PBXBuildFile; fileRef = BABA26FA29FE7E3C0052B52E /* SplashScreenProtocols.swift */; };
		BABA274429FE7E3C0052B52E /* SplashScreenViewModel.swift in Sources */ = {isa = PBXBuildFile; fileRef = BABA26FB29FE7E3C0052B52E /* SplashScreenViewModel.swift */; };
		BABA274529FE7E3C0052B52E /* SplashScreenViewController.xib in Resources */ = {isa = PBXBuildFile; fileRef = BABA26FD29FE7E3C0052B52E /* SplashScreenViewController.xib */; };
		BABA274629FE7E3C0052B52E /* SplashScreenViewController.swift in Sources */ = {isa = PBXBuildFile; fileRef = BABA26FE29FE7E3C0052B52E /* SplashScreenViewController.swift */; };
		BABA274729FE7E3C0052B52E /* HomeViewModel.swift in Sources */ = {isa = PBXBuildFile; fileRef = BABA270029FE7E3C0052B52E /* HomeViewModel.swift */; };
		BABA274829FE7E3C0052B52E /* HomeViewBuilder.swift in Sources */ = {isa = PBXBuildFile; fileRef = BABA270129FE7E3C0052B52E /* HomeViewBuilder.swift */; };
		BABA274929FE7E3C0052B52E /* HomeViewRouter.swift in Sources */ = {isa = PBXBuildFile; fileRef = BABA270229FE7E3C0052B52E /* HomeViewRouter.swift */; };
		BABA274A29FE7E3C0052B52E /* HomeViewController.xib in Resources */ = {isa = PBXBuildFile; fileRef = BABA270429FE7E3C0052B52E /* HomeViewController.xib */; };
		BABA274B29FE7E3C0052B52E /* HomeViewController.swift in Sources */ = {isa = PBXBuildFile; fileRef = BABA270529FE7E3C0052B52E /* HomeViewController.swift */; };
		BABA274C29FE7E3C0052B52E /* HomeViewProtocols.swift in Sources */ = {isa = PBXBuildFile; fileRef = BABA270629FE7E3C0052B52E /* HomeViewProtocols.swift */; };
		BABA274D29FE7E3C0052B52E /* LoginViewContracts.swift in Sources */ = {isa = PBXBuildFile; fileRef = BABA270829FE7E3C0052B52E /* LoginViewContracts.swift */; };
		BABA274E29FE7E3C0052B52E /* LoginViewModel.swift in Sources */ = {isa = PBXBuildFile; fileRef = BABA270929FE7E3C0052B52E /* LoginViewModel.swift */; };
		BABA274F29FE7E3C0052B52E /* LoginViewBuilder.swift in Sources */ = {isa = PBXBuildFile; fileRef = BABA270A29FE7E3C0052B52E /* LoginViewBuilder.swift */; };
		BABA275029FE7E3C0052B52E /* LoginViewController.xib in Resources */ = {isa = PBXBuildFile; fileRef = BABA270C29FE7E3C0052B52E /* LoginViewController.xib */; };
		BABA275129FE7E3C0052B52E /* LoginViewController.swift in Sources */ = {isa = PBXBuildFile; fileRef = BABA270D29FE7E3C0052B52E /* LoginViewController.swift */; };
		BABA275229FE7E3C0052B52E /* LoginViewRouter.swift in Sources */ = {isa = PBXBuildFile; fileRef = BABA270E29FE7E3C0052B52E /* LoginViewRouter.swift */; };
		BABA275329FE7E3C0052B52E /* UIImageView+Extension.swift in Sources */ = {isa = PBXBuildFile; fileRef = BABA271029FE7E3C0052B52E /* UIImageView+Extension.swift */; };
		BABA275429FE7E3C0052B52E /* UIColor+Extension.swift in Sources */ = {isa = PBXBuildFile; fileRef = BABA271129FE7E3C0052B52E /* UIColor+Extension.swift */; };
		BABA275529FE7E3C0052B52E /* UIView+Extension.swift in Sources */ = {isa = PBXBuildFile; fileRef = BABA271229FE7E3C0052B52E /* UIView+Extension.swift */; };
		BABA275629FE7E3C0052B52E /* Reusable.swift in Sources */ = {isa = PBXBuildFile; fileRef = BABA271329FE7E3C0052B52E /* Reusable.swift */; };
		BABA275729FE7E3C0052B52E /* UIViewController+Extension.swift in Sources */ = {isa = PBXBuildFile; fileRef = BABA271429FE7E3C0052B52E /* UIViewController+Extension.swift */; };
		BABA275829FE7E3C0052B52E /* AppRouter.swift in Sources */ = {isa = PBXBuildFile; fileRef = BABA271629FE7E3C0052B52E /* AppRouter.swift */; };
		BABA275929FE7E3C0052B52E /* AppContainer.swift in Sources */ = {isa = PBXBuildFile; fileRef = BABA271729FE7E3C0052B52E /* AppContainer.swift */; };
		BABA275A29FE7E3C0052B52E /* AppDelegate.swift in Sources */ = {isa = PBXBuildFile; fileRef = BABA271829FE7E3C0052B52E /* AppDelegate.swift */; };
		BABA275B29FE7E3C0052B52E /* SceneDelegate.swift in Sources */ = {isa = PBXBuildFile; fileRef = BABA271929FE7E3C0052B52E /* SceneDelegate.swift */; };
		BABA275C29FE7E3D0052B52E /* ApplicationStateManager.swift in Sources */ = {isa = PBXBuildFile; fileRef = BABA271B29FE7E3C0052B52E /* ApplicationStateManager.swift */; };
		BABA275D29FE7E3D0052B52E /* LocationTrackable.swift in Sources */ = {isa = PBXBuildFile; fileRef = BABA271D29FE7E3C0052B52E /* LocationTrackable.swift */; };
		BABA275E29FE7E3D0052B52E /* LocationManager.swift in Sources */ = {isa = PBXBuildFile; fileRef = BABA271E29FE7E3C0052B52E /* LocationManager.swift */; };
		BABA275F29FE7E3D0052B52E /* Environment.swift in Sources */ = {isa = PBXBuildFile; fileRef = BABA272129FE7E3C0052B52E /* Environment.swift */; };
		BABA276029FE7E3D0052B52E /* Request.swift in Sources */ = {isa = PBXBuildFile; fileRef = BABA272429FE7E3C0052B52E /* Request.swift */; };
		BABA276129FE7E3D0052B52E /* RequestBuilder.swift in Sources */ = {isa = PBXBuildFile; fileRef = BABA272629FE7E3C0052B52E /* RequestBuilder.swift */; };
		BABA276229FE7E3D0052B52E /* Builder.swift in Sources */ = {isa = PBXBuildFile; fileRef = BABA272729FE7E3C0052B52E /* Builder.swift */; };
		BABA276329FE7E3D0052B52E /* Endpoint.swift in Sources */ = {isa = PBXBuildFile; fileRef = BABA272829FE7E3C0052B52E /* Endpoint.swift */; };
		BABA276429FE7E3D0052B52E /* APIError.swift in Sources */ = {isa = PBXBuildFile; fileRef = BABA272A29FE7E3C0052B52E /* APIError.swift */; };
		BABA276529FE7E3D0052B52E /* Model.swift in Sources */ = {isa = PBXBuildFile; fileRef = BABA272B29FE7E3C0052B52E /* Model.swift */; };
		BABA276629FE7E3D0052B52E /* APIClient.swift in Sources */ = {isa = PBXBuildFile; fileRef = BABA272C29FE7E3C0052B52E /* APIClient.swift */; };
		BABA276729FE7E3D0052B52E /* Settings.bundle in Resources */ = {isa = PBXBuildFile; fileRef = BABA272E29FE7E3C0052B52E /* Settings.bundle */; };
		BABA276829FE7E3D0052B52E /* Assets.xcassets in Resources */ = {isa = PBXBuildFile; fileRef = BABA272F29FE7E3C0052B52E /* Assets.xcassets */; };
		BABA276929FE7E3D0052B52E /* Color.xcassets in Resources */ = {isa = PBXBuildFile; fileRef = BABA273029FE7E3C0052B52E /* Color.xcassets */; };
		BABA276A29FE7E3D0052B52E /* LocalError.swift in Sources */ = {isa = PBXBuildFile; fileRef = BABA273329FE7E3C0052B52E /* LocalError.swift */; };
		BABA276B29FE7E3D0052B52E /* BaseViewController.swift in Sources */ = {isa = PBXBuildFile; fileRef = BABA273429FE7E3C0052B52E /* BaseViewController.swift */; };
		BABA276C29FE7E3D0052B52E /* CustomXibView.swift in Sources */ = {isa = PBXBuildFile; fileRef = BABA273529FE7E3C0052B52E /* CustomXibView.swift */; };
		BABA276D29FE7E3D0052B52E /* DriverLog.swift in Sources */ = {isa = PBXBuildFile; fileRef = BABA273629FE7E3C0052B52E /* DriverLog.swift */; };
		BABA276E29FE7E3D0052B52E /* GenericError.swift in Sources */ = {isa = PBXBuildFile; fileRef = BABA273729FE7E3C0052B52E /* GenericError.swift */; };
		BABA276F29FE7E3D0052B52E /* AlertType.swift in Sources */ = {isa = PBXBuildFile; fileRef = BABA273829FE7E3C0052B52E /* AlertType.swift */; };
		BABA277029FE7E3D0052B52E /* CustomReusableButtonView.xib in Resources */ = {isa = PBXBuildFile; fileRef = BABA273A29FE7E3C0052B52E /* CustomReusableButtonView.xib */; };
		BABA277129FE7E3D0052B52E /* CustomReusableButtonView.swift in Sources */ = {isa = PBXBuildFile; fileRef = BABA273B29FE7E3C0052B52E /* CustomReusableButtonView.swift */; };
		BABA277229FE7E3D0052B52E /* JailbreakChecker.swift in Sources */ = {isa = PBXBuildFile; fileRef = BABA273D29FE7E3C0052B52E /* JailbreakChecker.swift */; };
		BABA277329FE7E3D0052B52E /* Animator.swift in Sources */ = {isa = PBXBuildFile; fileRef = BABA273E29FE7E3C0052B52E /* Animator.swift */; };
		BABA277429FE7E3D0052B52E /* AppEnvironment.swift in Sources */ = {isa = PBXBuildFile; fileRef = BABA273F29FE7E3C0052B52E /* AppEnvironment.swift */; };
		BABA277529FE7E3D0052B52E /* Info.plist in Resources */ = {isa = PBXBuildFile; fileRef = BABA274029FE7E3C0052B52E /* Info.plist */; };
		F20CB9792D739A0D9209C8E1 /* Pods_Driver_DriverUITests.framework in Frameworks */ = {isa = PBXBuildFile; fileRef = 984F3B9FE102B6D82E54A7E7 /* Pods_Driver_DriverUITests.framework */; };
/* End PBXBuildFile section */

/* Begin PBXContainerItemProxy section */
		95DC686D29A3BCF90045CC4F /* PBXContainerItemProxy */ = {
			isa = PBXContainerItemProxy;
			containerPortal = 95DC684E29A3BCF80045CC4F /* Project object */;
			proxyType = 1;
			remoteGlobalIDString = 95DC685529A3BCF80045CC4F;
			remoteInfo = Driver;
		};
		95DC687729A3BCF90045CC4F /* PBXContainerItemProxy */ = {
			isa = PBXContainerItemProxy;
			containerPortal = 95DC684E29A3BCF80045CC4F /* Project object */;
			proxyType = 1;
			remoteGlobalIDString = 95DC685529A3BCF80045CC4F;
			remoteInfo = Driver;
		};
/* End PBXContainerItemProxy section */

/* Begin PBXFileReference section */
		3AF153E52437106642CA448F /* Pods_DriverTests.framework */ = {isa = PBXFileReference; explicitFileType = wrapper.framework; includeInIndex = 0; path = Pods_DriverTests.framework; sourceTree = BUILT_PRODUCTS_DIR; };
		4414D799539C3F8D77D0DCC3 /* Pods-DriverTests.debug.xcconfig */ = {isa = PBXFileReference; includeInIndex = 1; lastKnownFileType = text.xcconfig; name = "Pods-DriverTests.debug.xcconfig"; path = "Target Support Files/Pods-DriverTests/Pods-DriverTests.debug.xcconfig"; sourceTree = "<group>"; };
		70D54BB878FA08497F426A53 /* Pods_Driver.framework */ = {isa = PBXFileReference; explicitFileType = wrapper.framework; includeInIndex = 0; path = Pods_Driver.framework; sourceTree = BUILT_PRODUCTS_DIR; };
		73C6258D36716EC6E5AC67A2 /* Pods-Driver-DriverUITests.release.xcconfig */ = {isa = PBXFileReference; includeInIndex = 1; lastKnownFileType = text.xcconfig; name = "Pods-Driver-DriverUITests.release.xcconfig"; path = "Target Support Files/Pods-Driver-DriverUITests/Pods-Driver-DriverUITests.release.xcconfig"; sourceTree = "<group>"; };
		9072C0F06AAFB4000452ED0A /* Pods-DriverTests.release.xcconfig */ = {isa = PBXFileReference; includeInIndex = 1; lastKnownFileType = text.xcconfig; name = "Pods-DriverTests.release.xcconfig"; path = "Target Support Files/Pods-DriverTests/Pods-DriverTests.release.xcconfig"; sourceTree = "<group>"; };
		95DC685629A3BCF80045CC4F /* Driver.app */ = {isa = PBXFileReference; explicitFileType = wrapper.application; includeInIndex = 0; path = Driver.app; sourceTree = BUILT_PRODUCTS_DIR; };
		95DC686C29A3BCF90045CC4F /* DriverTests.xctest */ = {isa = PBXFileReference; explicitFileType = wrapper.cfbundle; includeInIndex = 0; path = DriverTests.xctest; sourceTree = BUILT_PRODUCTS_DIR; };
		95DC687029A3BCF90045CC4F /* DriverTests.swift */ = {isa = PBXFileReference; lastKnownFileType = sourcecode.swift; path = DriverTests.swift; sourceTree = "<group>"; };
		95DC687629A3BCF90045CC4F /* DriverUITests.xctest */ = {isa = PBXFileReference; explicitFileType = wrapper.cfbundle; includeInIndex = 0; path = DriverUITests.xctest; sourceTree = BUILT_PRODUCTS_DIR; };
		95DC687A29A3BCF90045CC4F /* DriverUITests.swift */ = {isa = PBXFileReference; lastKnownFileType = sourcecode.swift; path = DriverUITests.swift; sourceTree = "<group>"; };
		95DC687C29A3BCF90045CC4F /* DriverUITestsLaunchTests.swift */ = {isa = PBXFileReference; lastKnownFileType = sourcecode.swift; path = DriverUITestsLaunchTests.swift; sourceTree = "<group>"; };
		984F3B9FE102B6D82E54A7E7 /* Pods_Driver_DriverUITests.framework */ = {isa = PBXFileReference; explicitFileType = wrapper.framework; includeInIndex = 0; path = Pods_Driver_DriverUITests.framework; sourceTree = BUILT_PRODUCTS_DIR; };
		BABA26F829FE7E3C0052B52E /* SplashScreenRouter.swift */ = {isa = PBXFileReference; fileEncoding = 4; lastKnownFileType = sourcecode.swift; path = SplashScreenRouter.swift; sourceTree = "<group>"; };
		BABA26F929FE7E3C0052B52E /* SplashScreenBuilder.swift */ = {isa = PBXFileReference; fileEncoding = 4; lastKnownFileType = sourcecode.swift; path = SplashScreenBuilder.swift; sourceTree = "<group>"; };
		BABA26FA29FE7E3C0052B52E /* SplashScreenProtocols.swift */ = {isa = PBXFileReference; fileEncoding = 4; lastKnownFileType = sourcecode.swift; path = SplashScreenProtocols.swift; sourceTree = "<group>"; };
		BABA26FB29FE7E3C0052B52E /* SplashScreenViewModel.swift */ = {isa = PBXFileReference; fileEncoding = 4; lastKnownFileType = sourcecode.swift; path = SplashScreenViewModel.swift; sourceTree = "<group>"; };
		BABA26FD29FE7E3C0052B52E /* SplashScreenViewController.xib */ = {isa = PBXFileReference; fileEncoding = 4; lastKnownFileType = file.xib; path = SplashScreenViewController.xib; sourceTree = "<group>"; };
		BABA26FE29FE7E3C0052B52E /* SplashScreenViewController.swift */ = {isa = PBXFileReference; fileEncoding = 4; lastKnownFileType = sourcecode.swift; path = SplashScreenViewController.swift; sourceTree = "<group>"; };
		BABA270029FE7E3C0052B52E /* HomeViewModel.swift */ = {isa = PBXFileReference; fileEncoding = 4; lastKnownFileType = sourcecode.swift; path = HomeViewModel.swift; sourceTree = "<group>"; };
		BABA270129FE7E3C0052B52E /* HomeViewBuilder.swift */ = {isa = PBXFileReference; fileEncoding = 4; lastKnownFileType = sourcecode.swift; path = HomeViewBuilder.swift; sourceTree = "<group>"; };
		BABA270229FE7E3C0052B52E /* HomeViewRouter.swift */ = {isa = PBXFileReference; fileEncoding = 4; lastKnownFileType = sourcecode.swift; path = HomeViewRouter.swift; sourceTree = "<group>"; };
		BABA270429FE7E3C0052B52E /* HomeViewController.xib */ = {isa = PBXFileReference; fileEncoding = 4; lastKnownFileType = file.xib; path = HomeViewController.xib; sourceTree = "<group>"; };
		BABA270529FE7E3C0052B52E /* HomeViewController.swift */ = {isa = PBXFileReference; fileEncoding = 4; lastKnownFileType = sourcecode.swift; path = HomeViewController.swift; sourceTree = "<group>"; };
		BABA270629FE7E3C0052B52E /* HomeViewProtocols.swift */ = {isa = PBXFileReference; fileEncoding = 4; lastKnownFileType = sourcecode.swift; path = HomeViewProtocols.swift; sourceTree = "<group>"; };
		BABA270829FE7E3C0052B52E /* LoginViewContracts.swift */ = {isa = PBXFileReference; fileEncoding = 4; lastKnownFileType = sourcecode.swift; path = LoginViewContracts.swift; sourceTree = "<group>"; };
		BABA270929FE7E3C0052B52E /* LoginViewModel.swift */ = {isa = PBXFileReference; fileEncoding = 4; lastKnownFileType = sourcecode.swift; path = LoginViewModel.swift; sourceTree = "<group>"; };
		BABA270A29FE7E3C0052B52E /* LoginViewBuilder.swift */ = {isa = PBXFileReference; fileEncoding = 4; lastKnownFileType = sourcecode.swift; path = LoginViewBuilder.swift; sourceTree = "<group>"; };
		BABA270C29FE7E3C0052B52E /* LoginViewController.xib */ = {isa = PBXFileReference; fileEncoding = 4; lastKnownFileType = file.xib; path = LoginViewController.xib; sourceTree = "<group>"; };
		BABA270D29FE7E3C0052B52E /* LoginViewController.swift */ = {isa = PBXFileReference; fileEncoding = 4; lastKnownFileType = sourcecode.swift; path = LoginViewController.swift; sourceTree = "<group>"; };
		BABA270E29FE7E3C0052B52E /* LoginViewRouter.swift */ = {isa = PBXFileReference; fileEncoding = 4; lastKnownFileType = sourcecode.swift; path = LoginViewRouter.swift; sourceTree = "<group>"; };
		BABA271029FE7E3C0052B52E /* UIImageView+Extension.swift */ = {isa = PBXFileReference; fileEncoding = 4; lastKnownFileType = sourcecode.swift; path = "UIImageView+Extension.swift"; sourceTree = "<group>"; };
		BABA271129FE7E3C0052B52E /* UIColor+Extension.swift */ = {isa = PBXFileReference; fileEncoding = 4; lastKnownFileType = sourcecode.swift; path = "UIColor+Extension.swift"; sourceTree = "<group>"; };
		BABA271229FE7E3C0052B52E /* UIView+Extension.swift */ = {isa = PBXFileReference; fileEncoding = 4; lastKnownFileType = sourcecode.swift; path = "UIView+Extension.swift"; sourceTree = "<group>"; };
		BABA271329FE7E3C0052B52E /* Reusable.swift */ = {isa = PBXFileReference; fileEncoding = 4; lastKnownFileType = sourcecode.swift; path = Reusable.swift; sourceTree = "<group>"; };
		BABA271429FE7E3C0052B52E /* UIViewController+Extension.swift */ = {isa = PBXFileReference; fileEncoding = 4; lastKnownFileType = sourcecode.swift; path = "UIViewController+Extension.swift"; sourceTree = "<group>"; };
		BABA271629FE7E3C0052B52E /* AppRouter.swift */ = {isa = PBXFileReference; fileEncoding = 4; lastKnownFileType = sourcecode.swift; path = AppRouter.swift; sourceTree = "<group>"; };
		BABA271729FE7E3C0052B52E /* AppContainer.swift */ = {isa = PBXFileReference; fileEncoding = 4; lastKnownFileType = sourcecode.swift; path = AppContainer.swift; sourceTree = "<group>"; };
		BABA271829FE7E3C0052B52E /* AppDelegate.swift */ = {isa = PBXFileReference; fileEncoding = 4; lastKnownFileType = sourcecode.swift; path = AppDelegate.swift; sourceTree = "<group>"; };
		BABA271929FE7E3C0052B52E /* SceneDelegate.swift */ = {isa = PBXFileReference; fileEncoding = 4; lastKnownFileType = sourcecode.swift; path = SceneDelegate.swift; sourceTree = "<group>"; };
		BABA271B29FE7E3C0052B52E /* ApplicationStateManager.swift */ = {isa = PBXFileReference; fileEncoding = 4; lastKnownFileType = sourcecode.swift; path = ApplicationStateManager.swift; sourceTree = "<group>"; };
		BABA271D29FE7E3C0052B52E /* LocationTrackable.swift */ = {isa = PBXFileReference; fileEncoding = 4; lastKnownFileType = sourcecode.swift; path = LocationTrackable.swift; sourceTree = "<group>"; };
		BABA271E29FE7E3C0052B52E /* LocationManager.swift */ = {isa = PBXFileReference; fileEncoding = 4; lastKnownFileType = sourcecode.swift; path = LocationManager.swift; sourceTree = "<group>"; };
		BABA272129FE7E3C0052B52E /* Environment.swift */ = {isa = PBXFileReference; fileEncoding = 4; lastKnownFileType = sourcecode.swift; path = Environment.swift; sourceTree = "<group>"; };
		BABA272429FE7E3C0052B52E /* Request.swift */ = {isa = PBXFileReference; fileEncoding = 4; lastKnownFileType = sourcecode.swift; path = Request.swift; sourceTree = "<group>"; };
		BABA272629FE7E3C0052B52E /* RequestBuilder.swift */ = {isa = PBXFileReference; fileEncoding = 4; lastKnownFileType = sourcecode.swift; path = RequestBuilder.swift; sourceTree = "<group>"; };
		BABA272729FE7E3C0052B52E /* Builder.swift */ = {isa = PBXFileReference; fileEncoding = 4; lastKnownFileType = sourcecode.swift; path = Builder.swift; sourceTree = "<group>"; };
		BABA272829FE7E3C0052B52E /* Endpoint.swift */ = {isa = PBXFileReference; fileEncoding = 4; lastKnownFileType = sourcecode.swift; path = Endpoint.swift; sourceTree = "<group>"; };
		BABA272A29FE7E3C0052B52E /* APIError.swift */ = {isa = PBXFileReference; fileEncoding = 4; lastKnownFileType = sourcecode.swift; path = APIError.swift; sourceTree = "<group>"; };
		BABA272B29FE7E3C0052B52E /* Model.swift */ = {isa = PBXFileReference; fileEncoding = 4; lastKnownFileType = sourcecode.swift; path = Model.swift; sourceTree = "<group>"; };
		BABA272C29FE7E3C0052B52E /* APIClient.swift */ = {isa = PBXFileReference; fileEncoding = 4; lastKnownFileType = sourcecode.swift; path = APIClient.swift; sourceTree = "<group>"; };
		BABA272E29FE7E3C0052B52E /* Settings.bundle */ = {isa = PBXFileReference; lastKnownFileType = "wrapper.plug-in"; path = Settings.bundle; sourceTree = "<group>"; };
		BABA272F29FE7E3C0052B52E /* Assets.xcassets */ = {isa = PBXFileReference; lastKnownFileType = folder.assetcatalog; path = Assets.xcassets; sourceTree = "<group>"; };
		BABA273029FE7E3C0052B52E /* Color.xcassets */ = {isa = PBXFileReference; lastKnownFileType = folder.assetcatalog; path = Color.xcassets; sourceTree = "<group>"; };
		BABA273329FE7E3C0052B52E /* LocalError.swift */ = {isa = PBXFileReference; fileEncoding = 4; lastKnownFileType = sourcecode.swift; path = LocalError.swift; sourceTree = "<group>"; };
		BABA273429FE7E3C0052B52E /* BaseViewController.swift */ = {isa = PBXFileReference; fileEncoding = 4; lastKnownFileType = sourcecode.swift; path = BaseViewController.swift; sourceTree = "<group>"; };
		BABA273529FE7E3C0052B52E /* CustomXibView.swift */ = {isa = PBXFileReference; fileEncoding = 4; lastKnownFileType = sourcecode.swift; path = CustomXibView.swift; sourceTree = "<group>"; };
		BABA273629FE7E3C0052B52E /* DriverLog.swift */ = {isa = PBXFileReference; fileEncoding = 4; lastKnownFileType = sourcecode.swift; path = DriverLog.swift; sourceTree = "<group>"; };
		BABA273729FE7E3C0052B52E /* GenericError.swift */ = {isa = PBXFileReference; fileEncoding = 4; lastKnownFileType = sourcecode.swift; path = GenericError.swift; sourceTree = "<group>"; };
		BABA273829FE7E3C0052B52E /* AlertType.swift */ = {isa = PBXFileReference; fileEncoding = 4; lastKnownFileType = sourcecode.swift; path = AlertType.swift; sourceTree = "<group>"; };
		BABA273A29FE7E3C0052B52E /* CustomReusableButtonView.xib */ = {isa = PBXFileReference; fileEncoding = 4; lastKnownFileType = file.xib; path = CustomReusableButtonView.xib; sourceTree = "<group>"; };
		BABA273B29FE7E3C0052B52E /* CustomReusableButtonView.swift */ = {isa = PBXFileReference; fileEncoding = 4; lastKnownFileType = sourcecode.swift; path = CustomReusableButtonView.swift; sourceTree = "<group>"; };
		BABA273D29FE7E3C0052B52E /* JailbreakChecker.swift */ = {isa = PBXFileReference; fileEncoding = 4; lastKnownFileType = sourcecode.swift; path = JailbreakChecker.swift; sourceTree = "<group>"; };
		BABA273E29FE7E3C0052B52E /* Animator.swift */ = {isa = PBXFileReference; fileEncoding = 4; lastKnownFileType = sourcecode.swift; path = Animator.swift; sourceTree = "<group>"; };
		BABA273F29FE7E3C0052B52E /* AppEnvironment.swift */ = {isa = PBXFileReference; fileEncoding = 4; lastKnownFileType = sourcecode.swift; path = AppEnvironment.swift; sourceTree = "<group>"; };
		BABA274029FE7E3C0052B52E /* Info.plist */ = {isa = PBXFileReference; fileEncoding = 4; lastKnownFileType = text.plist.xml; path = Info.plist; sourceTree = "<group>"; };
		C04E5FC9335B10775951FB72 /* Pods-Driver-DriverUITests.debug.xcconfig */ = {isa = PBXFileReference; includeInIndex = 1; lastKnownFileType = text.xcconfig; name = "Pods-Driver-DriverUITests.debug.xcconfig"; path = "Target Support Files/Pods-Driver-DriverUITests/Pods-Driver-DriverUITests.debug.xcconfig"; sourceTree = "<group>"; };
		F2685D137019AFA3A9C12105 /* Pods-Driver.release.xcconfig */ = {isa = PBXFileReference; includeInIndex = 1; lastKnownFileType = text.xcconfig; name = "Pods-Driver.release.xcconfig"; path = "Target Support Files/Pods-Driver/Pods-Driver.release.xcconfig"; sourceTree = "<group>"; };
		FB946FF0CA65E857C58BE286 /* Pods-Driver.debug.xcconfig */ = {isa = PBXFileReference; includeInIndex = 1; lastKnownFileType = text.xcconfig; name = "Pods-Driver.debug.xcconfig"; path = "Target Support Files/Pods-Driver/Pods-Driver.debug.xcconfig"; sourceTree = "<group>"; };
/* End PBXFileReference section */

/* Begin PBXFrameworksBuildPhase section */
		95DC685329A3BCF80045CC4F /* Frameworks */ = {
			isa = PBXFrameworksBuildPhase;
			buildActionMask = 2147483647;
			files = (
				8EFBF20ADE9BBED25D9C75E1 /* Pods_Driver.framework in Frameworks */,
			);
			runOnlyForDeploymentPostprocessing = 0;
		};
		95DC686929A3BCF90045CC4F /* Frameworks */ = {
			isa = PBXFrameworksBuildPhase;
			buildActionMask = 2147483647;
			files = (
				377F4E9C49931B85A298F6AB /* Pods_DriverTests.framework in Frameworks */,
			);
			runOnlyForDeploymentPostprocessing = 0;
		};
		95DC687329A3BCF90045CC4F /* Frameworks */ = {
			isa = PBXFrameworksBuildPhase;
			buildActionMask = 2147483647;
			files = (
				F20CB9792D739A0D9209C8E1 /* Pods_Driver_DriverUITests.framework in Frameworks */,
			);
			runOnlyForDeploymentPostprocessing = 0;
		};
/* End PBXFrameworksBuildPhase section */

/* Begin PBXGroup section */
		2E018126A6BB6989B7D81959 /* Frameworks */ = {
			isa = PBXGroup;
			children = (
				70D54BB878FA08497F426A53 /* Pods_Driver.framework */,
				984F3B9FE102B6D82E54A7E7 /* Pods_Driver_DriverUITests.framework */,
				3AF153E52437106642CA448F /* Pods_DriverTests.framework */,
			);
			name = Frameworks;
			sourceTree = "<group>";
		};
		5FE243E8DD0A677262411109 /* Pods */ = {
			isa = PBXGroup;
			children = (
				FB946FF0CA65E857C58BE286 /* Pods-Driver.debug.xcconfig */,
				F2685D137019AFA3A9C12105 /* Pods-Driver.release.xcconfig */,
				C04E5FC9335B10775951FB72 /* Pods-Driver-DriverUITests.debug.xcconfig */,
				73C6258D36716EC6E5AC67A2 /* Pods-Driver-DriverUITests.release.xcconfig */,
				4414D799539C3F8D77D0DCC3 /* Pods-DriverTests.debug.xcconfig */,
				9072C0F06AAFB4000452ED0A /* Pods-DriverTests.release.xcconfig */,
			);
			path = Pods;
			sourceTree = "<group>";
		};
		95DC684D29A3BCF80045CC4F = {
			isa = PBXGroup;
			children = (
				BABA26F529FE7E3C0052B52E /* Driver */,
				95DC686F29A3BCF90045CC4F /* DriverTests */,
				95DC687929A3BCF90045CC4F /* DriverUITests */,
				95DC685729A3BCF80045CC4F /* Products */,
				5FE243E8DD0A677262411109 /* Pods */,
				2E018126A6BB6989B7D81959 /* Frameworks */,
			);
			sourceTree = "<group>";
		};
		95DC685729A3BCF80045CC4F /* Products */ = {
			isa = PBXGroup;
			children = (
				95DC685629A3BCF80045CC4F /* Driver.app */,
				95DC686C29A3BCF90045CC4F /* DriverTests.xctest */,
				95DC687629A3BCF90045CC4F /* DriverUITests.xctest */,
			);
			name = Products;
			sourceTree = "<group>";
		};
		95DC686F29A3BCF90045CC4F /* DriverTests */ = {
			isa = PBXGroup;
			children = (
				95DC687029A3BCF90045CC4F /* DriverTests.swift */,
			);
			path = DriverTests;
			sourceTree = "<group>";
		};
		95DC687929A3BCF90045CC4F /* DriverUITests */ = {
			isa = PBXGroup;
			children = (
				95DC687A29A3BCF90045CC4F /* DriverUITests.swift */,
				95DC687C29A3BCF90045CC4F /* DriverUITestsLaunchTests.swift */,
			);
			path = DriverUITests;
			sourceTree = "<group>";
		};
		BABA26F529FE7E3C0052B52E /* Driver */ = {
			isa = PBXGroup;
			children = (
				BABA26F629FE7E3C0052B52E /* Scenes */,
				BABA270F29FE7E3C0052B52E /* Extension */,
				BABA271529FE7E3C0052B52E /* App */,
				BABA271A29FE7E3C0052B52E /* Util */,
				BABA271F29FE7E3C0052B52E /* Networking */,
				BABA272D29FE7E3C0052B52E /* Resources */,
				BABA273129FE7E3C0052B52E /* Extenison */,
				BABA273229FE7E3C0052B52E /* Custom */,
				BABA273929FE7E3C0052B52E /* Views */,
				BABA273C29FE7E3C0052B52E /* Helper */,
				BABA274029FE7E3C0052B52E /* Info.plist */,
			);
			path = Driver;
			sourceTree = "<group>";
		};
		BABA26F629FE7E3C0052B52E /* Scenes */ = {
			isa = PBXGroup;
			children = (
				BABA26F729FE7E3C0052B52E /* SplashScreen */,
				BABA26FF29FE7E3C0052B52E /* HomeScreen */,
				BABA270729FE7E3C0052B52E /* LoginScreen */,
			);
			path = Scenes;
			sourceTree = "<group>";
		};
		BABA26F729FE7E3C0052B52E /* SplashScreen */ = {
			isa = PBXGroup;
			children = (
				BABA26F829FE7E3C0052B52E /* SplashScreenRouter.swift */,
				BABA26F929FE7E3C0052B52E /* SplashScreenBuilder.swift */,
				BABA26FA29FE7E3C0052B52E /* SplashScreenProtocols.swift */,
				BABA26FB29FE7E3C0052B52E /* SplashScreenViewModel.swift */,
				BABA26FC29FE7E3C0052B52E /* ViewController */,
			);
			path = SplashScreen;
			sourceTree = "<group>";
		};
		BABA26FC29FE7E3C0052B52E /* ViewController */ = {
			isa = PBXGroup;
			children = (
				BABA26FD29FE7E3C0052B52E /* SplashScreenViewController.xib */,
				BABA26FE29FE7E3C0052B52E /* SplashScreenViewController.swift */,
			);
			path = ViewController;
			sourceTree = "<group>";
		};
		BABA26FF29FE7E3C0052B52E /* HomeScreen */ = {
			isa = PBXGroup;
			children = (
				BABA270029FE7E3C0052B52E /* HomeViewModel.swift */,
				BABA270129FE7E3C0052B52E /* HomeViewBuilder.swift */,
				BABA270229FE7E3C0052B52E /* HomeViewRouter.swift */,
				BABA270329FE7E3C0052B52E /* HomeViewController */,
				BABA270629FE7E3C0052B52E /* HomeViewProtocols.swift */,
			);
			path = HomeScreen;
			sourceTree = "<group>";
		};
		BABA270329FE7E3C0052B52E /* HomeViewController */ = {
			isa = PBXGroup;
			children = (
				BABA270429FE7E3C0052B52E /* HomeViewController.xib */,
				BABA270529FE7E3C0052B52E /* HomeViewController.swift */,
			);
			path = HomeViewController;
			sourceTree = "<group>";
		};
		BABA270729FE7E3C0052B52E /* LoginScreen */ = {
			isa = PBXGroup;
			children = (
				BABA270829FE7E3C0052B52E /* LoginViewContracts.swift */,
				BABA270929FE7E3C0052B52E /* LoginViewModel.swift */,
				BABA270A29FE7E3C0052B52E /* LoginViewBuilder.swift */,
				BABA270B29FE7E3C0052B52E /* ViewController */,
				BABA270E29FE7E3C0052B52E /* LoginViewRouter.swift */,
			);
			path = LoginScreen;
			sourceTree = "<group>";
		};
		BABA270B29FE7E3C0052B52E /* ViewController */ = {
			isa = PBXGroup;
			children = (
				BABA270C29FE7E3C0052B52E /* LoginViewController.xib */,
				BABA270D29FE7E3C0052B52E /* LoginViewController.swift */,
			);
			path = ViewController;
			sourceTree = "<group>";
		};
		BABA270F29FE7E3C0052B52E /* Extension */ = {
			isa = PBXGroup;
			children = (
				BABA271029FE7E3C0052B52E /* UIImageView+Extension.swift */,
				BABA271129FE7E3C0052B52E /* UIColor+Extension.swift */,
				BABA271229FE7E3C0052B52E /* UIView+Extension.swift */,
				BABA271329FE7E3C0052B52E /* Reusable.swift */,
				BABA271429FE7E3C0052B52E /* UIViewController+Extension.swift */,
			);
			path = Extension;
			sourceTree = "<group>";
		};
		BABA271529FE7E3C0052B52E /* App */ = {
			isa = PBXGroup;
			children = (
				BABA271629FE7E3C0052B52E /* AppRouter.swift */,
				BABA271729FE7E3C0052B52E /* AppContainer.swift */,
				BABA271829FE7E3C0052B52E /* AppDelegate.swift */,
				BABA271929FE7E3C0052B52E /* SceneDelegate.swift */,
			);
			path = App;
			sourceTree = "<group>";
		};
		BABA271A29FE7E3C0052B52E /* Util */ = {
			isa = PBXGroup;
			children = (
				BABA271B29FE7E3C0052B52E /* ApplicationStateManager.swift */,
				BABA271C29FE7E3C0052B52E /* Location */,
			);
			path = Util;
			sourceTree = "<group>";
		};
		BABA271C29FE7E3C0052B52E /* Location */ = {
			isa = PBXGroup;
			children = (
				BABA271D29FE7E3C0052B52E /* LocationTrackable.swift */,
				BABA271E29FE7E3C0052B52E /* LocationManager.swift */,
			);
			path = Location;
			sourceTree = "<group>";
		};
		BABA271F29FE7E3C0052B52E /* Networking */ = {
			isa = PBXGroup;
			children = (
				BABA272029FE7E3C0052B52E /* Environment */,
				BABA272229FE7E3C0052B52E /* Remote */,
			);
			path = Networking;
			sourceTree = "<group>";
		};
		BABA272029FE7E3C0052B52E /* Environment */ = {
			isa = PBXGroup;
			children = (
				BABA272129FE7E3C0052B52E /* Environment.swift */,
			);
			path = Environment;
			sourceTree = "<group>";
		};
		BABA272229FE7E3C0052B52E /* Remote */ = {
			isa = PBXGroup;
			children = (
				BABA272329FE7E3C0052B52E /* Request */,
				BABA272929FE7E3C0052B52E /* Base */,
			);
			path = Remote;
			sourceTree = "<group>";
		};
		BABA272329FE7E3C0052B52E /* Request */ = {
			isa = PBXGroup;
			children = (
				BABA272429FE7E3C0052B52E /* Request.swift */,
				BABA272529FE7E3C0052B52E /* Builder */,
				BABA272829FE7E3C0052B52E /* Endpoint.swift */,
			);
			path = Request;
			sourceTree = "<group>";
		};
		BABA272529FE7E3C0052B52E /* Builder */ = {
			isa = PBXGroup;
			children = (
				BABA272629FE7E3C0052B52E /* RequestBuilder.swift */,
				BABA272729FE7E3C0052B52E /* Builder.swift */,
			);
			path = Builder;
			sourceTree = "<group>";
		};
		BABA272929FE7E3C0052B52E /* Base */ = {
			isa = PBXGroup;
			children = (
				BABA272A29FE7E3C0052B52E /* APIError.swift */,
				BABA272B29FE7E3C0052B52E /* Model.swift */,
				BABA272C29FE7E3C0052B52E /* APIClient.swift */,
			);
			path = Base;
			sourceTree = "<group>";
		};
		BABA272D29FE7E3C0052B52E /* Resources */ = {
			isa = PBXGroup;
			children = (
				BABA272E29FE7E3C0052B52E /* Settings.bundle */,
				BABA272F29FE7E3C0052B52E /* Assets.xcassets */,
				BABA273029FE7E3C0052B52E /* Color.xcassets */,
			);
			path = Resources;
			sourceTree = "<group>";
		};
		BABA273129FE7E3C0052B52E /* Extenison */ = {
			isa = PBXGroup;
			children = (
			);
			path = Extenison;
			sourceTree = "<group>";
		};
		BABA273229FE7E3C0052B52E /* Custom */ = {
			isa = PBXGroup;
			children = (
				BABA273329FE7E3C0052B52E /* LocalError.swift */,
				BABA273429FE7E3C0052B52E /* BaseViewController.swift */,
				BABA273529FE7E3C0052B52E /* CustomXibView.swift */,
				BABA273629FE7E3C0052B52E /* DriverLog.swift */,
				BABA273729FE7E3C0052B52E /* GenericError.swift */,
				BABA273829FE7E3C0052B52E /* AlertType.swift */,
			);
			path = Custom;
			sourceTree = "<group>";
		};
		BABA273929FE7E3C0052B52E /* Views */ = {
			isa = PBXGroup;
			children = (
				BABA273A29FE7E3C0052B52E /* CustomReusableButtonView.xib */,
				BABA273B29FE7E3C0052B52E /* CustomReusableButtonView.swift */,
			);
			path = Views;
			sourceTree = "<group>";
		};
		BABA273C29FE7E3C0052B52E /* Helper */ = {
			isa = PBXGroup;
			children = (
				BABA273D29FE7E3C0052B52E /* JailbreakChecker.swift */,
				BABA273E29FE7E3C0052B52E /* Animator.swift */,
				BABA273F29FE7E3C0052B52E /* AppEnvironment.swift */,
			);
			path = Helper;
			sourceTree = "<group>";
		};
/* End PBXGroup section */

/* Begin PBXNativeTarget section */
		95DC685529A3BCF80045CC4F /* Driver */ = {
			isa = PBXNativeTarget;
			buildConfigurationList = 95DC688029A3BCF90045CC4F /* Build configuration list for PBXNativeTarget "Driver" */;
			buildPhases = (
				6586468BB39BCC86392DBDD9 /* [CP] Check Pods Manifest.lock */,
				95DC685229A3BCF80045CC4F /* Sources */,
				95DC685329A3BCF80045CC4F /* Frameworks */,
				95DC685429A3BCF80045CC4F /* Resources */,
				E36CE4C5A75ACCF8EC4D578B /* [CP] Embed Pods Frameworks */,
			);
			buildRules = (
			);
			dependencies = (
			);
			name = Driver;
			productName = Driver;
			productReference = 95DC685629A3BCF80045CC4F /* Driver.app */;
			productType = "com.apple.product-type.application";
		};
		95DC686B29A3BCF90045CC4F /* DriverTests */ = {
			isa = PBXNativeTarget;
			buildConfigurationList = 95DC688329A3BCF90045CC4F /* Build configuration list for PBXNativeTarget "DriverTests" */;
			buildPhases = (
				453E41146B9A795E9A4AE8B8 /* [CP] Check Pods Manifest.lock */,
				95DC686829A3BCF90045CC4F /* Sources */,
				95DC686929A3BCF90045CC4F /* Frameworks */,
				95DC686A29A3BCF90045CC4F /* Resources */,
			);
			buildRules = (
			);
			dependencies = (
				95DC686E29A3BCF90045CC4F /* PBXTargetDependency */,
			);
			name = DriverTests;
			productName = DriverTests;
			productReference = 95DC686C29A3BCF90045CC4F /* DriverTests.xctest */;
			productType = "com.apple.product-type.bundle.unit-test";
		};
		95DC687529A3BCF90045CC4F /* DriverUITests */ = {
			isa = PBXNativeTarget;
			buildConfigurationList = 95DC688629A3BCF90045CC4F /* Build configuration list for PBXNativeTarget "DriverUITests" */;
			buildPhases = (
				EE6CC62FBABB8017E59BC2D2 /* [CP] Check Pods Manifest.lock */,
				95DC687229A3BCF90045CC4F /* Sources */,
				95DC687329A3BCF90045CC4F /* Frameworks */,
				95DC687429A3BCF90045CC4F /* Resources */,
				EFE53BC6D2DA1CE940002243 /* [CP] Embed Pods Frameworks */,
			);
			buildRules = (
			);
			dependencies = (
				95DC687829A3BCF90045CC4F /* PBXTargetDependency */,
			);
			name = DriverUITests;
			productName = DriverUITests;
			productReference = 95DC687629A3BCF90045CC4F /* DriverUITests.xctest */;
			productType = "com.apple.product-type.bundle.ui-testing";
		};
/* End PBXNativeTarget section */

/* Begin PBXProject section */
		95DC684E29A3BCF80045CC4F /* Project object */ = {
			isa = PBXProject;
			attributes = {
				BuildIndependentTargetsInParallel = 1;
				LastSwiftUpdateCheck = 1420;
				LastUpgradeCheck = 1420;
				TargetAttributes = {
					95DC685529A3BCF80045CC4F = {
						CreatedOnToolsVersion = 14.2;
					};
					95DC686B29A3BCF90045CC4F = {
						CreatedOnToolsVersion = 14.2;
						TestTargetID = 95DC685529A3BCF80045CC4F;
					};
					95DC687529A3BCF90045CC4F = {
						CreatedOnToolsVersion = 14.2;
						TestTargetID = 95DC685529A3BCF80045CC4F;
					};
				};
			};
			buildConfigurationList = 95DC685129A3BCF80045CC4F /* Build configuration list for PBXProject "Driver" */;
			compatibilityVersion = "Xcode 14.0";
			developmentRegion = en;
			hasScannedForEncodings = 0;
			knownRegions = (
				en,
				Base,
			);
			mainGroup = 95DC684D29A3BCF80045CC4F;
			productRefGroup = 95DC685729A3BCF80045CC4F /* Products */;
			projectDirPath = "";
			projectRoot = "";
			targets = (
				95DC685529A3BCF80045CC4F /* Driver */,
				95DC686B29A3BCF90045CC4F /* DriverTests */,
				95DC687529A3BCF90045CC4F /* DriverUITests */,
			);
		};
/* End PBXProject section */

/* Begin PBXResourcesBuildPhase section */
		95DC685429A3BCF80045CC4F /* Resources */ = {
			isa = PBXResourcesBuildPhase;
			buildActionMask = 2147483647;
			files = (
				BABA277529FE7E3D0052B52E /* Info.plist in Resources */,
				BABA277029FE7E3D0052B52E /* CustomReusableButtonView.xib in Resources */,
				BABA276729FE7E3D0052B52E /* Settings.bundle in Resources */,
				BABA274529FE7E3C0052B52E /* SplashScreenViewController.xib in Resources */,
				BABA274A29FE7E3C0052B52E /* HomeViewController.xib in Resources */,
				BABA275029FE7E3C0052B52E /* LoginViewController.xib in Resources */,
				BABA276829FE7E3D0052B52E /* Assets.xcassets in Resources */,
				BABA276929FE7E3D0052B52E /* Color.xcassets in Resources */,
			);
			runOnlyForDeploymentPostprocessing = 0;
		};
		95DC686A29A3BCF90045CC4F /* Resources */ = {
			isa = PBXResourcesBuildPhase;
			buildActionMask = 2147483647;
			files = (
			);
			runOnlyForDeploymentPostprocessing = 0;
		};
		95DC687429A3BCF90045CC4F /* Resources */ = {
			isa = PBXResourcesBuildPhase;
			buildActionMask = 2147483647;
			files = (
			);
			runOnlyForDeploymentPostprocessing = 0;
		};
/* End PBXResourcesBuildPhase section */

/* Begin PBXShellScriptBuildPhase section */
		453E41146B9A795E9A4AE8B8 /* [CP] Check Pods Manifest.lock */ = {
			isa = PBXShellScriptBuildPhase;
			buildActionMask = 2147483647;
			files = (
			);
			inputFileListPaths = (
			);
			inputPaths = (
				"${PODS_PODFILE_DIR_PATH}/Podfile.lock",
				"${PODS_ROOT}/Manifest.lock",
			);
			name = "[CP] Check Pods Manifest.lock";
			outputFileListPaths = (
			);
			outputPaths = (
				"$(DERIVED_FILE_DIR)/Pods-DriverTests-checkManifestLockResult.txt",
			);
			runOnlyForDeploymentPostprocessing = 0;
			shellPath = /bin/sh;
			shellScript = "diff \"${PODS_PODFILE_DIR_PATH}/Podfile.lock\" \"${PODS_ROOT}/Manifest.lock\" > /dev/null\nif [ $? != 0 ] ; then\n    # print error to STDERR\n    echo \"error: The sandbox is not in sync with the Podfile.lock. Run 'pod install' or update your CocoaPods installation.\" >&2\n    exit 1\nfi\n# This output is used by Xcode 'outputs' to avoid re-running this script phase.\necho \"SUCCESS\" > \"${SCRIPT_OUTPUT_FILE_0}\"\n";
			showEnvVarsInLog = 0;
		};
		6586468BB39BCC86392DBDD9 /* [CP] Check Pods Manifest.lock */ = {
			isa = PBXShellScriptBuildPhase;
			buildActionMask = 2147483647;
			files = (
			);
			inputFileListPaths = (
			);
			inputPaths = (
				"${PODS_PODFILE_DIR_PATH}/Podfile.lock",
				"${PODS_ROOT}/Manifest.lock",
			);
			name = "[CP] Check Pods Manifest.lock";
			outputFileListPaths = (
			);
			outputPaths = (
				"$(DERIVED_FILE_DIR)/Pods-Driver-checkManifestLockResult.txt",
			);
			runOnlyForDeploymentPostprocessing = 0;
			shellPath = /bin/sh;
			shellScript = "diff \"${PODS_PODFILE_DIR_PATH}/Podfile.lock\" \"${PODS_ROOT}/Manifest.lock\" > /dev/null\nif [ $? != 0 ] ; then\n    # print error to STDERR\n    echo \"error: The sandbox is not in sync with the Podfile.lock. Run 'pod install' or update your CocoaPods installation.\" >&2\n    exit 1\nfi\n# This output is used by Xcode 'outputs' to avoid re-running this script phase.\necho \"SUCCESS\" > \"${SCRIPT_OUTPUT_FILE_0}\"\n";
			showEnvVarsInLog = 0;
		};
		E36CE4C5A75ACCF8EC4D578B /* [CP] Embed Pods Frameworks */ = {
			isa = PBXShellScriptBuildPhase;
			buildActionMask = 2147483647;
			files = (
			);
			inputFileListPaths = (
				"${PODS_ROOT}/Target Support Files/Pods-Driver/Pods-Driver-frameworks-${CONFIGURATION}-input-files.xcfilelist",
			);
			name = "[CP] Embed Pods Frameworks";
			outputFileListPaths = (
				"${PODS_ROOT}/Target Support Files/Pods-Driver/Pods-Driver-frameworks-${CONFIGURATION}-output-files.xcfilelist",
			);
			runOnlyForDeploymentPostprocessing = 0;
			shellPath = /bin/sh;
			shellScript = "\"${PODS_ROOT}/Target Support Files/Pods-Driver/Pods-Driver-frameworks.sh\"\n";
			showEnvVarsInLog = 0;
		};
		EE6CC62FBABB8017E59BC2D2 /* [CP] Check Pods Manifest.lock */ = {
			isa = PBXShellScriptBuildPhase;
			buildActionMask = 2147483647;
			files = (
			);
			inputFileListPaths = (
			);
			inputPaths = (
				"${PODS_PODFILE_DIR_PATH}/Podfile.lock",
				"${PODS_ROOT}/Manifest.lock",
			);
			name = "[CP] Check Pods Manifest.lock";
			outputFileListPaths = (
			);
			outputPaths = (
				"$(DERIVED_FILE_DIR)/Pods-Driver-DriverUITests-checkManifestLockResult.txt",
			);
			runOnlyForDeploymentPostprocessing = 0;
			shellPath = /bin/sh;
			shellScript = "diff \"${PODS_PODFILE_DIR_PATH}/Podfile.lock\" \"${PODS_ROOT}/Manifest.lock\" > /dev/null\nif [ $? != 0 ] ; then\n    # print error to STDERR\n    echo \"error: The sandbox is not in sync with the Podfile.lock. Run 'pod install' or update your CocoaPods installation.\" >&2\n    exit 1\nfi\n# This output is used by Xcode 'outputs' to avoid re-running this script phase.\necho \"SUCCESS\" > \"${SCRIPT_OUTPUT_FILE_0}\"\n";
			showEnvVarsInLog = 0;
		};
		EFE53BC6D2DA1CE940002243 /* [CP] Embed Pods Frameworks */ = {
			isa = PBXShellScriptBuildPhase;
			buildActionMask = 2147483647;
			files = (
			);
			inputFileListPaths = (
				"${PODS_ROOT}/Target Support Files/Pods-Driver-DriverUITests/Pods-Driver-DriverUITests-frameworks-${CONFIGURATION}-input-files.xcfilelist",
			);
			name = "[CP] Embed Pods Frameworks";
			outputFileListPaths = (
				"${PODS_ROOT}/Target Support Files/Pods-Driver-DriverUITests/Pods-Driver-DriverUITests-frameworks-${CONFIGURATION}-output-files.xcfilelist",
			);
			runOnlyForDeploymentPostprocessing = 0;
			shellPath = /bin/sh;
			shellScript = "\"${PODS_ROOT}/Target Support Files/Pods-Driver-DriverUITests/Pods-Driver-DriverUITests-frameworks.sh\"\n";
			showEnvVarsInLog = 0;
		};
/* End PBXShellScriptBuildPhase section */

/* Begin PBXSourcesBuildPhase section */
		95DC685229A3BCF80045CC4F /* Sources */ = {
			isa = PBXSourcesBuildPhase;
			buildActionMask = 2147483647;
			files = (
				BABA275129FE7E3C0052B52E /* LoginViewController.swift in Sources */,
				BABA274229FE7E3C0052B52E /* SplashScreenBuilder.swift in Sources */,
				BABA274829FE7E3C0052B52E /* HomeViewBuilder.swift in Sources */,
				BABA274F29FE7E3C0052B52E /* LoginViewBuilder.swift in Sources */,
				BABA275429FE7E3C0052B52E /* UIColor+Extension.swift in Sources */,
				BABA274729FE7E3C0052B52E /* HomeViewModel.swift in Sources */,
				BABA276029FE7E3D0052B52E /* Request.swift in Sources */,
				BABA274429FE7E3C0052B52E /* SplashScreenViewModel.swift in Sources */,
				BABA276A29FE7E3D0052B52E /* LocalError.swift in Sources */,
				BABA276629FE7E3D0052B52E /* APIClient.swift in Sources */,
				BABA274929FE7E3C0052B52E /* HomeViewRouter.swift in Sources */,
				BABA276B29FE7E3D0052B52E /* BaseViewController.swift in Sources */,
				BABA275729FE7E3C0052B52E /* UIViewController+Extension.swift in Sources */,
				BABA276329FE7E3D0052B52E /* Endpoint.swift in Sources */,
				BABA275C29FE7E3D0052B52E /* ApplicationStateManager.swift in Sources */,
				BABA276F29FE7E3D0052B52E /* AlertType.swift in Sources */,
				BABA277229FE7E3D0052B52E /* JailbreakChecker.swift in Sources */,
				BABA274B29FE7E3C0052B52E /* HomeViewController.swift in Sources */,
				BABA274129FE7E3C0052B52E /* SplashScreenRouter.swift in Sources */,
				BABA275829FE7E3C0052B52E /* AppRouter.swift in Sources */,
				BABA277329FE7E3D0052B52E /* Animator.swift in Sources */,
				BABA274629FE7E3C0052B52E /* SplashScreenViewController.swift in Sources */,
				BABA276129FE7E3D0052B52E /* RequestBuilder.swift in Sources */,
				BABA275329FE7E3C0052B52E /* UIImageView+Extension.swift in Sources */,
				BABA277129FE7E3D0052B52E /* CustomReusableButtonView.swift in Sources */,
				BABA275529FE7E3C0052B52E /* UIView+Extension.swift in Sources */,
				BABA274E29FE7E3C0052B52E /* LoginViewModel.swift in Sources */,
				BABA275F29FE7E3D0052B52E /* Environment.swift in Sources */,
				BABA274329FE7E3C0052B52E /* SplashScreenProtocols.swift in Sources */,
				BABA275929FE7E3C0052B52E /* AppContainer.swift in Sources */,
				BABA275229FE7E3C0052B52E /* LoginViewRouter.swift in Sources */,
				BABA275D29FE7E3D0052B52E /* LocationTrackable.swift in Sources */,
				BABA276E29FE7E3D0052B52E /* GenericError.swift in Sources */,
				BABA276229FE7E3D0052B52E /* Builder.swift in Sources */,
				BABA275629FE7E3C0052B52E /* Reusable.swift in Sources */,
				BABA277429FE7E3D0052B52E /* AppEnvironment.swift in Sources */,
				BABA276D29FE7E3D0052B52E /* DriverLog.swift in Sources */,
				BABA276529FE7E3D0052B52E /* Model.swift in Sources */,
				BABA274D29FE7E3C0052B52E /* LoginViewContracts.swift in Sources */,
				BABA274C29FE7E3C0052B52E /* HomeViewProtocols.swift in Sources */,
				BABA276C29FE7E3D0052B52E /* CustomXibView.swift in Sources */,
				BABA275A29FE7E3C0052B52E /* AppDelegate.swift in Sources */,
				BABA275B29FE7E3C0052B52E /* SceneDelegate.swift in Sources */,
				BABA275E29FE7E3D0052B52E /* LocationManager.swift in Sources */,
				BABA276429FE7E3D0052B52E /* APIError.swift in Sources */,
			);
			runOnlyForDeploymentPostprocessing = 0;
		};
		95DC686829A3BCF90045CC4F /* Sources */ = {
			isa = PBXSourcesBuildPhase;
			buildActionMask = 2147483647;
			files = (
				95DC687129A3BCF90045CC4F /* DriverTests.swift in Sources */,
			);
			runOnlyForDeploymentPostprocessing = 0;
		};
		95DC687229A3BCF90045CC4F /* Sources */ = {
			isa = PBXSourcesBuildPhase;
			buildActionMask = 2147483647;
			files = (
				95DC687D29A3BCF90045CC4F /* DriverUITestsLaunchTests.swift in Sources */,
				95DC687B29A3BCF90045CC4F /* DriverUITests.swift in Sources */,
			);
			runOnlyForDeploymentPostprocessing = 0;
		};
/* End PBXSourcesBuildPhase section */

/* Begin PBXTargetDependency section */
		95DC686E29A3BCF90045CC4F /* PBXTargetDependency */ = {
			isa = PBXTargetDependency;
			target = 95DC685529A3BCF80045CC4F /* Driver */;
			targetProxy = 95DC686D29A3BCF90045CC4F /* PBXContainerItemProxy */;
		};
		95DC687829A3BCF90045CC4F /* PBXTargetDependency */ = {
			isa = PBXTargetDependency;
			target = 95DC685529A3BCF80045CC4F /* Driver */;
			targetProxy = 95DC687729A3BCF90045CC4F /* PBXContainerItemProxy */;
		};
/* End PBXTargetDependency section */

/* Begin XCBuildConfiguration section */
		95DC687E29A3BCF90045CC4F /* Debug */ = {
			isa = XCBuildConfiguration;
			buildSettings = {
				ALWAYS_SEARCH_USER_PATHS = NO;
				CLANG_ANALYZER_NONNULL = YES;
				CLANG_ANALYZER_NUMBER_OBJECT_CONVERSION = YES_AGGRESSIVE;
				CLANG_CXX_LANGUAGE_STANDARD = "gnu++20";
				CLANG_ENABLE_MODULES = YES;
				CLANG_ENABLE_OBJC_ARC = YES;
				CLANG_ENABLE_OBJC_WEAK = YES;
				CLANG_WARN_BLOCK_CAPTURE_AUTORELEASING = YES;
				CLANG_WARN_BOOL_CONVERSION = YES;
				CLANG_WARN_COMMA = YES;
				CLANG_WARN_CONSTANT_CONVERSION = YES;
				CLANG_WARN_DEPRECATED_OBJC_IMPLEMENTATIONS = YES;
				CLANG_WARN_DIRECT_OBJC_ISA_USAGE = YES_ERROR;
				CLANG_WARN_DOCUMENTATION_COMMENTS = YES;
				CLANG_WARN_EMPTY_BODY = YES;
				CLANG_WARN_ENUM_CONVERSION = YES;
				CLANG_WARN_INFINITE_RECURSION = YES;
				CLANG_WARN_INT_CONVERSION = YES;
				CLANG_WARN_NON_LITERAL_NULL_CONVERSION = YES;
				CLANG_WARN_OBJC_IMPLICIT_RETAIN_SELF = YES;
				CLANG_WARN_OBJC_LITERAL_CONVERSION = YES;
				CLANG_WARN_OBJC_ROOT_CLASS = YES_ERROR;
				CLANG_WARN_QUOTED_INCLUDE_IN_FRAMEWORK_HEADER = YES;
				CLANG_WARN_RANGE_LOOP_ANALYSIS = YES;
				CLANG_WARN_STRICT_PROTOTYPES = YES;
				CLANG_WARN_SUSPICIOUS_MOVE = YES;
				CLANG_WARN_UNGUARDED_AVAILABILITY = YES_AGGRESSIVE;
				CLANG_WARN_UNREACHABLE_CODE = YES;
				CLANG_WARN__DUPLICATE_METHOD_MATCH = YES;
				COPY_PHASE_STRIP = NO;
				DEBUG_INFORMATION_FORMAT = dwarf;
				ENABLE_STRICT_OBJC_MSGSEND = YES;
				ENABLE_TESTABILITY = YES;
				GCC_C_LANGUAGE_STANDARD = gnu11;
				GCC_DYNAMIC_NO_PIC = NO;
				GCC_NO_COMMON_BLOCKS = YES;
				GCC_OPTIMIZATION_LEVEL = 0;
				GCC_PREPROCESSOR_DEFINITIONS = (
					"DEBUG=1",
					"$(inherited)",
				);
				GCC_WARN_64_TO_32_BIT_CONVERSION = YES;
				GCC_WARN_ABOUT_RETURN_TYPE = YES_ERROR;
				GCC_WARN_UNDECLARED_SELECTOR = YES;
				GCC_WARN_UNINITIALIZED_AUTOS = YES_AGGRESSIVE;
				GCC_WARN_UNUSED_FUNCTION = YES;
				GCC_WARN_UNUSED_VARIABLE = YES;
				IPHONEOS_DEPLOYMENT_TARGET = 12.0;
				MTL_ENABLE_DEBUG_INFO = INCLUDE_SOURCE;
				MTL_FAST_MATH = YES;
				ONLY_ACTIVE_ARCH = YES;
				SDKROOT = iphoneos;
				SWIFT_ACTIVE_COMPILATION_CONDITIONS = DEBUG;
				SWIFT_OPTIMIZATION_LEVEL = "-Onone";
			};
			name = Debug;
		};
		95DC687F29A3BCF90045CC4F /* Release */ = {
			isa = XCBuildConfiguration;
			buildSettings = {
				ALWAYS_SEARCH_USER_PATHS = NO;
				CLANG_ANALYZER_NONNULL = YES;
				CLANG_ANALYZER_NUMBER_OBJECT_CONVERSION = YES_AGGRESSIVE;
				CLANG_CXX_LANGUAGE_STANDARD = "gnu++20";
				CLANG_ENABLE_MODULES = YES;
				CLANG_ENABLE_OBJC_ARC = YES;
				CLANG_ENABLE_OBJC_WEAK = YES;
				CLANG_WARN_BLOCK_CAPTURE_AUTORELEASING = YES;
				CLANG_WARN_BOOL_CONVERSION = YES;
				CLANG_WARN_COMMA = YES;
				CLANG_WARN_CONSTANT_CONVERSION = YES;
				CLANG_WARN_DEPRECATED_OBJC_IMPLEMENTATIONS = YES;
				CLANG_WARN_DIRECT_OBJC_ISA_USAGE = YES_ERROR;
				CLANG_WARN_DOCUMENTATION_COMMENTS = YES;
				CLANG_WARN_EMPTY_BODY = YES;
				CLANG_WARN_ENUM_CONVERSION = YES;
				CLANG_WARN_INFINITE_RECURSION = YES;
				CLANG_WARN_INT_CONVERSION = YES;
				CLANG_WARN_NON_LITERAL_NULL_CONVERSION = YES;
				CLANG_WARN_OBJC_IMPLICIT_RETAIN_SELF = YES;
				CLANG_WARN_OBJC_LITERAL_CONVERSION = YES;
				CLANG_WARN_OBJC_ROOT_CLASS = YES_ERROR;
				CLANG_WARN_QUOTED_INCLUDE_IN_FRAMEWORK_HEADER = YES;
				CLANG_WARN_RANGE_LOOP_ANALYSIS = YES;
				CLANG_WARN_STRICT_PROTOTYPES = YES;
				CLANG_WARN_SUSPICIOUS_MOVE = YES;
				CLANG_WARN_UNGUARDED_AVAILABILITY = YES_AGGRESSIVE;
				CLANG_WARN_UNREACHABLE_CODE = YES;
				CLANG_WARN__DUPLICATE_METHOD_MATCH = YES;
				COPY_PHASE_STRIP = NO;
				DEBUG_INFORMATION_FORMAT = "dwarf-with-dsym";
				ENABLE_NS_ASSERTIONS = NO;
				ENABLE_STRICT_OBJC_MSGSEND = YES;
				GCC_C_LANGUAGE_STANDARD = gnu11;
				GCC_NO_COMMON_BLOCKS = YES;
				GCC_WARN_64_TO_32_BIT_CONVERSION = YES;
				GCC_WARN_ABOUT_RETURN_TYPE = YES_ERROR;
				GCC_WARN_UNDECLARED_SELECTOR = YES;
				GCC_WARN_UNINITIALIZED_AUTOS = YES_AGGRESSIVE;
				GCC_WARN_UNUSED_FUNCTION = YES;
				GCC_WARN_UNUSED_VARIABLE = YES;
				IPHONEOS_DEPLOYMENT_TARGET = 12.0;
				MTL_ENABLE_DEBUG_INFO = NO;
				MTL_FAST_MATH = YES;
				SDKROOT = iphoneos;
				SWIFT_COMPILATION_MODE = wholemodule;
				SWIFT_OPTIMIZATION_LEVEL = "-O";
				VALIDATE_PRODUCT = YES;
			};
			name = Release;
		};
		95DC688129A3BCF90045CC4F /* Debug */ = {
			isa = XCBuildConfiguration;
			baseConfigurationReference = FB946FF0CA65E857C58BE286 /* Pods-Driver.debug.xcconfig */;
			buildSettings = {
				ASSETCATALOG_COMPILER_APPICON_NAME = AppIcon;
				ASSETCATALOG_COMPILER_GLOBAL_ACCENT_COLOR_NAME = AccentColor;
				CODE_SIGN_STYLE = Automatic;
				CURRENT_PROJECT_VERSION = 1;
				DEVELOPMENT_TEAM = M9437KP6T5;
				GENERATE_INFOPLIST_FILE = YES;
				INFOPLIST_FILE = Driver/Info.plist;
				INFOPLIST_KEY_UIApplicationSupportsIndirectInputEvents = YES;
				INFOPLIST_KEY_UILaunchStoryboardName = LaunchScreen;
				INFOPLIST_KEY_UISupportedInterfaceOrientations = "UIInterfaceOrientationLandscapeLeft UIInterfaceOrientationLandscapeRight UIInterfaceOrientationPortrait";
				INFOPLIST_KEY_UISupportedInterfaceOrientations_iPad = UIInterfaceOrientationPortrait;
				IPHONEOS_DEPLOYMENT_TARGET = 12.0;
				LD_RUNPATH_SEARCH_PATHS = (
					"$(inherited)",
					"@executable_path/Frameworks",
				);
				MARKETING_VERSION = 1.0;
				PRODUCT_BUNDLE_IDENTIFIER = com.Ays.Driver;
				PRODUCT_NAME = "$(TARGET_NAME)";
				SUPPORTED_PLATFORMS = "iphoneos iphonesimulator";
				SUPPORTS_MACCATALYST = NO;
				SUPPORTS_MAC_DESIGNED_FOR_IPHONE_IPAD = NO;
				SWIFT_EMIT_LOC_STRINGS = YES;
				SWIFT_VERSION = 5.0;
				TARGETED_DEVICE_FAMILY = 1;
			};
			name = Debug;
		};
		95DC688229A3BCF90045CC4F /* Release */ = {
			isa = XCBuildConfiguration;
			baseConfigurationReference = F2685D137019AFA3A9C12105 /* Pods-Driver.release.xcconfig */;
			buildSettings = {
				ASSETCATALOG_COMPILER_APPICON_NAME = AppIcon;
				ASSETCATALOG_COMPILER_GLOBAL_ACCENT_COLOR_NAME = AccentColor;
				CODE_SIGN_STYLE = Automatic;
				CURRENT_PROJECT_VERSION = 1;
				DEVELOPMENT_TEAM = M9437KP6T5;
				GENERATE_INFOPLIST_FILE = YES;
				INFOPLIST_FILE = Driver/Info.plist;
				INFOPLIST_KEY_UIApplicationSupportsIndirectInputEvents = YES;
				INFOPLIST_KEY_UILaunchStoryboardName = LaunchScreen;
				INFOPLIST_KEY_UISupportedInterfaceOrientations = "UIInterfaceOrientationLandscapeLeft UIInterfaceOrientationLandscapeRight UIInterfaceOrientationPortrait";
				INFOPLIST_KEY_UISupportedInterfaceOrientations_iPad = UIInterfaceOrientationPortrait;
				IPHONEOS_DEPLOYMENT_TARGET = 12.0;
				LD_RUNPATH_SEARCH_PATHS = (
					"$(inherited)",
					"@executable_path/Frameworks",
				);
				MARKETING_VERSION = 1.0;
				PRODUCT_BUNDLE_IDENTIFIER = com.Ays.Driver;
				PRODUCT_NAME = "$(TARGET_NAME)";
				SUPPORTED_PLATFORMS = "iphoneos iphonesimulator";
				SUPPORTS_MACCATALYST = NO;
				SUPPORTS_MAC_DESIGNED_FOR_IPHONE_IPAD = NO;
				SWIFT_EMIT_LOC_STRINGS = YES;
				SWIFT_VERSION = 5.0;
				TARGETED_DEVICE_FAMILY = 1;
			};
			name = Release;
		};
		95DC688429A3BCF90045CC4F /* Debug */ = {
			isa = XCBuildConfiguration;
			baseConfigurationReference = 4414D799539C3F8D77D0DCC3 /* Pods-DriverTests.debug.xcconfig */;
			buildSettings = {
				ALWAYS_EMBED_SWIFT_STANDARD_LIBRARIES = YES;
				BUNDLE_LOADER = "$(TEST_HOST)";
				CODE_SIGN_STYLE = Automatic;
				CURRENT_PROJECT_VERSION = 1;
				DEVELOPMENT_TEAM = WH348GWAUW;
				GENERATE_INFOPLIST_FILE = YES;
				IPHONEOS_DEPLOYMENT_TARGET = 16.2;
				MARKETING_VERSION = 1.0;
				PRODUCT_BUNDLE_IDENTIFIER = com.Ays.DriverTests;
				PRODUCT_NAME = "$(TARGET_NAME)";
				SWIFT_EMIT_LOC_STRINGS = NO;
				SWIFT_VERSION = 5.0;
				TARGETED_DEVICE_FAMILY = "1,2";
				TEST_HOST = "$(BUILT_PRODUCTS_DIR)/Driver.app/$(BUNDLE_EXECUTABLE_FOLDER_PATH)/Driver";
			};
			name = Debug;
		};
		95DC688529A3BCF90045CC4F /* Release */ = {
			isa = XCBuildConfiguration;
			baseConfigurationReference = 9072C0F06AAFB4000452ED0A /* Pods-DriverTests.release.xcconfig */;
			buildSettings = {
				ALWAYS_EMBED_SWIFT_STANDARD_LIBRARIES = YES;
				BUNDLE_LOADER = "$(TEST_HOST)";
				CODE_SIGN_STYLE = Automatic;
				CURRENT_PROJECT_VERSION = 1;
				DEVELOPMENT_TEAM = WH348GWAUW;
				GENERATE_INFOPLIST_FILE = YES;
				IPHONEOS_DEPLOYMENT_TARGET = 16.2;
				MARKETING_VERSION = 1.0;
				PRODUCT_BUNDLE_IDENTIFIER = com.Ays.DriverTests;
				PRODUCT_NAME = "$(TARGET_NAME)";
				SWIFT_EMIT_LOC_STRINGS = NO;
				SWIFT_VERSION = 5.0;
				TARGETED_DEVICE_FAMILY = "1,2";
				TEST_HOST = "$(BUILT_PRODUCTS_DIR)/Driver.app/$(BUNDLE_EXECUTABLE_FOLDER_PATH)/Driver";
			};
			name = Release;
		};
		95DC688729A3BCF90045CC4F /* Debug */ = {
			isa = XCBuildConfiguration;
			baseConfigurationReference = C04E5FC9335B10775951FB72 /* Pods-Driver-DriverUITests.debug.xcconfig */;
			buildSettings = {
				ALWAYS_EMBED_SWIFT_STANDARD_LIBRARIES = YES;
				CODE_SIGN_STYLE = Automatic;
				CURRENT_PROJECT_VERSION = 1;
				DEVELOPMENT_TEAM = WH348GWAUW;
				GENERATE_INFOPLIST_FILE = YES;
				MARKETING_VERSION = 1.0;
				PRODUCT_BUNDLE_IDENTIFIER = com.Ays.DriverUITests;
				PRODUCT_NAME = "$(TARGET_NAME)";
				SWIFT_EMIT_LOC_STRINGS = NO;
				SWIFT_VERSION = 5.0;
				TARGETED_DEVICE_FAMILY = "1,2";
				TEST_TARGET_NAME = Driver;
			};
			name = Debug;
		};
		95DC688829A3BCF90045CC4F /* Release */ = {
			isa = XCBuildConfiguration;
			baseConfigurationReference = 73C6258D36716EC6E5AC67A2 /* Pods-Driver-DriverUITests.release.xcconfig */;
			buildSettings = {
				ALWAYS_EMBED_SWIFT_STANDARD_LIBRARIES = YES;
				CODE_SIGN_STYLE = Automatic;
				CURRENT_PROJECT_VERSION = 1;
				DEVELOPMENT_TEAM = WH348GWAUW;
				GENERATE_INFOPLIST_FILE = YES;
				MARKETING_VERSION = 1.0;
				PRODUCT_BUNDLE_IDENTIFIER = com.Ays.DriverUITests;
				PRODUCT_NAME = "$(TARGET_NAME)";
				SWIFT_EMIT_LOC_STRINGS = NO;
				SWIFT_VERSION = 5.0;
				TARGETED_DEVICE_FAMILY = "1,2";
				TEST_TARGET_NAME = Driver;
			};
			name = Release;
		};
/* End XCBuildConfiguration section */

/* Begin XCConfigurationList section */
		95DC685129A3BCF80045CC4F /* Build configuration list for PBXProject "Driver" */ = {
			isa = XCConfigurationList;
			buildConfigurations = (
				95DC687E29A3BCF90045CC4F /* Debug */,
				95DC687F29A3BCF90045CC4F /* Release */,
			);
			defaultConfigurationIsVisible = 0;
			defaultConfigurationName = Release;
		};
		95DC688029A3BCF90045CC4F /* Build configuration list for PBXNativeTarget "Driver" */ = {
			isa = XCConfigurationList;
			buildConfigurations = (
				95DC688129A3BCF90045CC4F /* Debug */,
				95DC688229A3BCF90045CC4F /* Release */,
			);
			defaultConfigurationIsVisible = 0;
			defaultConfigurationName = Release;
		};
		95DC688329A3BCF90045CC4F /* Build configuration list for PBXNativeTarget "DriverTests" */ = {
			isa = XCConfigurationList;
			buildConfigurations = (
				95DC688429A3BCF90045CC4F /* Debug */,
				95DC688529A3BCF90045CC4F /* Release */,
			);
			defaultConfigurationIsVisible = 0;
			defaultConfigurationName = Release;
		};
		95DC688629A3BCF90045CC4F /* Build configuration list for PBXNativeTarget "DriverUITests" */ = {
			isa = XCConfigurationList;
			buildConfigurations = (
				95DC688729A3BCF90045CC4F /* Debug */,
				95DC688829A3BCF90045CC4F /* Release */,
			);
			defaultConfigurationIsVisible = 0;
			defaultConfigurationName = Release;
		};
/* End XCConfigurationList section */
	};
	rootObject = 95DC684E29A3BCF80045CC4F /* Project object */;
}
